<Project xmlns="http://schemas.microsoft.com/developer/msbuild/2003">
    <PropertyGroup>
        <ProjectGuid>{3559CC26-C088-4541-B955-53FBB95428B2}</ProjectGuid>
        <MainSource>CryptoLib.dpk</MainSource>
        <ProjectVersion>18.6</ProjectVersion>
        <FrameworkType>None</FrameworkType>
        <Base>True</Base>
        <Config Condition="'$(Config)'==''">Release</Config>
        <Platform Condition="'$(Platform)'==''">Win32</Platform>
        <TargetedPlatforms>1171</TargetedPlatforms>
        <AppType>Package</AppType>
    </PropertyGroup>
    <PropertyGroup Condition="'$(Config)'=='Base' or '$(Base)'!=''">
        <Base>true</Base>
    </PropertyGroup>
    <PropertyGroup Condition="('$(Platform)'=='Android' and '$(Base)'=='true') or '$(Base_Android)'!=''">
        <Base_Android>true</Base_Android>
        <CfgParent>Base</CfgParent>
        <Base>true</Base>
    </PropertyGroup>
    <PropertyGroup Condition="('$(Platform)'=='iOSDevice32' and '$(Base)'=='true') or '$(Base_iOSDevice32)'!=''">
        <Base_iOSDevice32>true</Base_iOSDevice32>
        <CfgParent>Base</CfgParent>
        <Base>true</Base>
    </PropertyGroup>
    <PropertyGroup Condition="('$(Platform)'=='iOSDevice64' and '$(Base)'=='true') or '$(Base_iOSDevice64)'!=''">
        <Base_iOSDevice64>true</Base_iOSDevice64>
        <CfgParent>Base</CfgParent>
        <Base>true</Base>
    </PropertyGroup>
    <PropertyGroup Condition="('$(Platform)'=='iOSSimulator' and '$(Base)'=='true') or '$(Base_iOSSimulator)'!=''">
        <Base_iOSSimulator>true</Base_iOSSimulator>
        <CfgParent>Base</CfgParent>
        <Base>true</Base>
    </PropertyGroup>
    <PropertyGroup Condition="('$(Platform)'=='Linux64' and '$(Base)'=='true') or '$(Base_Linux64)'!=''">
        <Base_Linux64>true</Base_Linux64>
        <CfgParent>Base</CfgParent>
        <Base>true</Base>
    </PropertyGroup>
    <PropertyGroup Condition="('$(Platform)'=='OSX32' and '$(Base)'=='true') or '$(Base_OSX32)'!=''">
        <Base_OSX32>true</Base_OSX32>
        <CfgParent>Base</CfgParent>
        <Base>true</Base>
    </PropertyGroup>
    <PropertyGroup Condition="('$(Platform)'=='Win32' and '$(Base)'=='true') or '$(Base_Win32)'!=''">
        <Base_Win32>true</Base_Win32>
        <CfgParent>Base</CfgParent>
        <Base>true</Base>
    </PropertyGroup>
    <PropertyGroup Condition="('$(Platform)'=='Win64' and '$(Base)'=='true') or '$(Base_Win64)'!=''">
        <Base_Win64>true</Base_Win64>
        <CfgParent>Base</CfgParent>
        <Base>true</Base>
    </PropertyGroup>
    <PropertyGroup Condition="'$(Config)'=='Debug' or '$(Cfg_1)'!=''">
        <Cfg_1>true</Cfg_1>
        <CfgParent>Base</CfgParent>
        <Base>true</Base>
    </PropertyGroup>
    <PropertyGroup Condition="('$(Platform)'=='Win32' and '$(Cfg_1)'=='true') or '$(Cfg_1_Win32)'!=''">
        <Cfg_1_Win32>true</Cfg_1_Win32>
        <CfgParent>Cfg_1</CfgParent>
        <Cfg_1>true</Cfg_1>
        <Base>true</Base>
    </PropertyGroup>
    <PropertyGroup Condition="'$(Config)'=='Release' or '$(Cfg_2)'!=''">
        <Cfg_2>true</Cfg_2>
        <CfgParent>Base</CfgParent>
        <Base>true</Base>
    </PropertyGroup>
    <PropertyGroup Condition="'$(Base)'!=''">
        <DCC_DcuOutput>.\CryptoLib_output\$(Platform)\$(Config)</DCC_DcuOutput>
        <DCC_ExeOutput>.\$(Platform)\$(Config)</DCC_ExeOutput>
        <DCC_E>false</DCC_E>
        <DCC_N>false</DCC_N>
        <DCC_S>false</DCC_S>
        <DCC_F>false</DCC_F>
        <DCC_K>false</DCC_K>
        <GenDll>true</GenDll>
        <GenPackage>true</GenPackage>
        <DCC_Namespace>System;Xml;Data;Datasnap;Web;Soap;$(DCC_Namespace)</DCC_Namespace>
        <DCC_CBuilderOutput>All</DCC_CBuilderOutput>
        <SanitizedProjectName>CryptoLib</SanitizedProjectName>
    </PropertyGroup>
    <PropertyGroup Condition="'$(Base_Android)'!=''">
        <DCC_CBuilderOutput>None</DCC_CBuilderOutput>
        <EnabledSysJars>android-support-v4.dex.jar;cloud-messaging.dex.jar;fmx.dex.jar;google-analytics-v2.dex.jar;google-play-billing.dex.jar;google-play-licensing.dex.jar;google-play-services-ads-7.0.0.dex.jar;google-play-services-analytics-7.0.0.dex.jar;google-play-services-base-7.0.0.dex.jar;google-play-services-gcm-7.0.0.dex.jar;google-play-services-identity-7.0.0.dex.jar;google-play-services-maps-7.0.0.dex.jar;google-play-services-panorama-7.0.0.dex.jar;google-play-services-plus-7.0.0.dex.jar;google-play-services-wallet-7.0.0.dex.jar</EnabledSysJars>
        <DCC_UsePackage>rtl;$(DCC_UsePackage)</DCC_UsePackage>
        <VerInfo_Keys>package=com.embarcadero.$(MSBuildProjectName);label=$(MSBuildProjectName);versionCode=1;versionName=1.0.0;persistent=False;restoreAnyVersion=False;installLocation=auto;largeHeap=False;theme=TitleBar;hardwareAccelerated=true;apiKey=</VerInfo_Keys>
        <BT_BuildType>Debug</BT_BuildType>
    </PropertyGroup>
    <PropertyGroup Condition="'$(Base_iOSDevice32)'!=''">
        <DCC_CBuilderOutput>None</DCC_CBuilderOutput>
        <DCC_UsePackage>rtl;$(DCC_UsePackage)</DCC_UsePackage>
    </PropertyGroup>
    <PropertyGroup Condition="'$(Base_iOSDevice64)'!=''">
        <DCC_CBuilderOutput>None</DCC_CBuilderOutput>
        <DCC_UsePackage>rtl;$(DCC_UsePackage)</DCC_UsePackage>
        <VerInfo_Keys>CFBundleName=$(MSBuildProjectName);CFBundleDevelopmentRegion=en;CFBundleDisplayName=$(MSBuildProjectName);CFBundleIdentifier=$(MSBuildProjectName);CFBundleInfoDictionaryVersion=7.1;CFBundleVersion=1.0.0;CFBundleShortVersionString=1.0.0;CFBundlePackageType=APPL;CFBundleSignature=????;LSRequiresIPhoneOS=true;CFBundleAllowMixedLocalizations=YES;CFBundleExecutable=$(MSBuildProjectName);UIDeviceFamily=iPhone &amp; iPad;CFBundleResourceSpecification=ResourceRules.plist;NSLocationAlwaysUsageDescription=The reason for accessing the location information of the user;NSLocationWhenInUseUsageDescription=The reason for accessing the location information of the user;FMLocalNotificationPermission=false;UIBackgroundModes=;NSContactsUsageDescription=The reason for accessing the contacts;NSPhotoLibraryUsageDescription=The reason for accessing the photo library;NSCameraUsageDescription=The reason for accessing the camera;NSPhotoLibraryAddUsageDescription=The reason for adding to the photo library;NSFaceIDUsageDescription=The reason for accessing the face id;NSLocationAlwaysAndWhenInUseUsageDescription=The reason for accessing the location information of the user;NSMicrophoneUsageDescription=The reason for accessing the microphone;NSSiriUsageDescription=The reason for accessing Siri;ITSAppUsesNonExemptEncryption=false</VerInfo_Keys>
        <VerInfo_UIDeviceFamily>iPhoneAndiPad</VerInfo_UIDeviceFamily>
        <VerInfo_IncludeVerInfo>true</VerInfo_IncludeVerInfo>
        <BT_BuildType>Debug</BT_BuildType>
        <VerInfo_BundleId>$(MSBuildProjectName)</VerInfo_BundleId>
    </PropertyGroup>
    <PropertyGroup Condition="'$(Base_iOSSimulator)'!=''">
        <DCC_CBuilderOutput>None</DCC_CBuilderOutput>
        <DCC_UsePackage>rtl;$(DCC_UsePackage)</DCC_UsePackage>
    </PropertyGroup>
    <PropertyGroup Condition="'$(Base_Linux64)'!=''">
        <DCC_UsePackage>rtl;$(DCC_UsePackage)</DCC_UsePackage>
    </PropertyGroup>
    <PropertyGroup Condition="'$(Base_OSX32)'!=''">
        <DCC_UsePackage>rtl;$(DCC_UsePackage)</DCC_UsePackage>
    </PropertyGroup>
    <PropertyGroup Condition="'$(Base_Win32)'!=''">
        <DCC_Namespace>Winapi;System.Win;Data.Win;Datasnap.Win;Web.Win;Soap.Win;Xml.Win;Bde;$(DCC_Namespace)</DCC_Namespace>
        <BT_BuildType>Debug</BT_BuildType>
        <VerInfo_IncludeVerInfo>true</VerInfo_IncludeVerInfo>
        <VerInfo_Keys>CompanyName=;FileDescription=$(MSBuildProjectName);FileVersion=1.0.0.0;InternalName=;LegalCopyright=;LegalTrademarks=;OriginalFilename=;ProgramID=com.embarcadero.$(MSBuildProjectName);ProductName=$(MSBuildProjectName);ProductVersion=1.0.0.0;Comments=</VerInfo_Keys>
        <VerInfo_Locale>1033</VerInfo_Locale>
        <DCC_UsePackage>rtl;$(DCC_UsePackage)</DCC_UsePackage>
    </PropertyGroup>
    <PropertyGroup Condition="'$(Base_Win64)'!=''">
        <DCC_UsePackage>rtl;$(DCC_UsePackage)</DCC_UsePackage>
        <DCC_Namespace>Winapi;System.Win;Data.Win;Datasnap.Win;Web.Win;Soap.Win;Xml.Win;$(DCC_Namespace)</DCC_Namespace>
        <BT_BuildType>Debug</BT_BuildType>
        <VerInfo_IncludeVerInfo>true</VerInfo_IncludeVerInfo>
        <VerInfo_Keys>CompanyName=;FileDescription=$(MSBuildProjectName);FileVersion=1.0.0.0;InternalName=;LegalCopyright=;LegalTrademarks=;OriginalFilename=;ProgramID=com.embarcadero.$(MSBuildProjectName);ProductName=$(MSBuildProjectName);ProductVersion=1.0.0.0;Comments=</VerInfo_Keys>
        <VerInfo_Locale>1033</VerInfo_Locale>
    </PropertyGroup>
    <PropertyGroup Condition="'$(Cfg_1)'!=''">
        <DCC_Define>DEBUG;$(DCC_Define)</DCC_Define>
        <DCC_DebugDCUs>true</DCC_DebugDCUs>
        <DCC_Optimize>false</DCC_Optimize>
        <DCC_GenerateStackFrames>true</DCC_GenerateStackFrames>
        <DCC_DebugInfoInExe>true</DCC_DebugInfoInExe>
        <DCC_RemoteDebug>true</DCC_RemoteDebug>
    </PropertyGroup>
    <PropertyGroup Condition="'$(Cfg_1_Win32)'!=''">
        <DCC_RemoteDebug>false</DCC_RemoteDebug>
        <VerInfo_IncludeVerInfo>true</VerInfo_IncludeVerInfo>
        <VerInfo_Locale>1033</VerInfo_Locale>
    </PropertyGroup>
    <PropertyGroup Condition="'$(Cfg_2)'!=''">
        <DCC_LocalDebugSymbols>false</DCC_LocalDebugSymbols>
        <DCC_Define>RELEASE;$(DCC_Define)</DCC_Define>
        <DCC_SymbolReferenceInfo>0</DCC_SymbolReferenceInfo>
        <DCC_DebugInformation>0</DCC_DebugInformation>
    </PropertyGroup>
    <ItemGroup>
        <DelphiCompile Include="$(MainSource)">
            <MainSource>MainSource</MainSource>
        </DelphiCompile>
        <DCCReference Include="rtl.dcp"/>
        <DCCReference Include="additionalUnits\CryptoLib\src\Asn1\CryptoPro\ClpECGost3410NamedCurves.pas"/>
        <DCCReference Include="additionalUnits\CryptoLib\src\Asn1\CryptoPro\ClpCryptoProObjectIdentifiers.pas"/>
        <DCCReference Include="additionalUnits\CryptoLib\src\Asn1\Nist\ClpNistObjectIdentifiers.pas"/>
        <DCCReference Include="additionalUnits\CryptoLib\src\Asn1\Oiw\ClpOiwObjectIdentifiers.pas"/>
        <DCCReference Include="additionalUnits\CryptoLib\src\Asn1\Pkcs\ClpPkcsObjectIdentifiers.pas"/>
        <DCCReference Include="additionalUnits\CryptoLib\src\Asn1\RossStandart\ClpRosstandartObjectIdentifiers.pas"/>
        <DCCReference Include="additionalUnits\CryptoLib\src\Asn1\Sec\ClpSecNamedCurves.pas"/>
        <DCCReference Include="additionalUnits\CryptoLib\src\Asn1\Sec\ClpSecObjectIdentifiers.pas"/>
        <DCCReference Include="additionalUnits\CryptoLib\src\Asn1\TeleTrust\ClpTeleTrusTObjectIdentifiers.pas"/>
        <DCCReference Include="additionalUnits\CryptoLib\src\Asn1\X9\ClpECNamedCurveTable.pas"/>
        <DCCReference Include="additionalUnits\CryptoLib\src\Asn1\X9\ClpX9Curve.pas"/>
        <DCCReference Include="additionalUnits\CryptoLib\src\Asn1\X9\ClpX9ECParameters.pas"/>
        <DCCReference Include="additionalUnits\CryptoLib\src\Asn1\X9\ClpX9ECParametersHolder.pas"/>
        <DCCReference Include="additionalUnits\CryptoLib\src\Asn1\X9\ClpX9ECPoint.pas"/>
        <DCCReference Include="additionalUnits\CryptoLib\src\Asn1\X9\ClpX9FieldElement.pas"/>
        <DCCReference Include="additionalUnits\CryptoLib\src\Asn1\X9\ClpX9FieldID.pas"/>
        <DCCReference Include="additionalUnits\CryptoLib\src\Asn1\X9\ClpX9IntegerConverter.pas"/>
        <DCCReference Include="additionalUnits\CryptoLib\src\Asn1\X9\ClpX9ObjectIdentifiers.pas"/>
        <DCCReference Include="additionalUnits\CryptoLib\src\Asn1\ClpAsn1Encodable.pas"/>
        <DCCReference Include="additionalUnits\CryptoLib\src\Asn1\ClpAsn1EncodableVector.pas"/>
        <DCCReference Include="additionalUnits\CryptoLib\src\Asn1\ClpAsn1InputStream.pas"/>
        <DCCReference Include="additionalUnits\CryptoLib\src\Asn1\ClpAsn1Null.pas"/>
        <DCCReference Include="additionalUnits\CryptoLib\src\Asn1\ClpAsn1Object.pas"/>
        <DCCReference Include="additionalUnits\CryptoLib\src\Asn1\ClpAsn1OctetString.pas"/>
        <DCCReference Include="additionalUnits\CryptoLib\src\Asn1\ClpAsn1OutputStream.pas"/>
        <DCCReference Include="additionalUnits\CryptoLib\src\Asn1\ClpAsn1Sequence.pas"/>
        <DCCReference Include="additionalUnits\CryptoLib\src\Asn1\ClpAsn1Set.pas"/>
        <DCCReference Include="additionalUnits\CryptoLib\src\Asn1\ClpAsn1StreamParser.pas"/>
        <DCCReference Include="additionalUnits\CryptoLib\src\Asn1\ClpAsn1TaggedObject.pas"/>
        <DCCReference Include="additionalUnits\CryptoLib\src\Asn1\ClpAsn1Tags.pas"/>
        <DCCReference Include="additionalUnits\CryptoLib\src\Asn1\ClpBerApplicationSpecific.pas"/>
        <DCCReference Include="additionalUnits\CryptoLib\src\Asn1\ClpBerApplicationSpecificParser.pas"/>
        <DCCReference Include="additionalUnits\CryptoLib\src\Asn1\ClpBerBitString.pas"/>
        <DCCReference Include="additionalUnits\CryptoLib\src\Asn1\ClpBerNull.pas"/>
        <DCCReference Include="additionalUnits\CryptoLib\src\Asn1\ClpBerOctetString.pas"/>
        <DCCReference Include="additionalUnits\CryptoLib\src\Asn1\ClpBerOctetStringParser.pas"/>
        <DCCReference Include="additionalUnits\CryptoLib\src\Asn1\ClpBerOutputStream.pas"/>
        <DCCReference Include="additionalUnits\CryptoLib\src\Asn1\ClpBerSequence.pas"/>
        <DCCReference Include="additionalUnits\CryptoLib\src\Asn1\ClpBerSequenceParser.pas"/>
        <DCCReference Include="additionalUnits\CryptoLib\src\Asn1\ClpBerSet.pas"/>
        <DCCReference Include="additionalUnits\CryptoLib\src\Asn1\ClpBerSetParser.pas"/>
        <DCCReference Include="additionalUnits\CryptoLib\src\Asn1\ClpBerTaggedObject.pas"/>
        <DCCReference Include="additionalUnits\CryptoLib\src\Asn1\ClpBerTaggedObjectParser.pas"/>
        <DCCReference Include="additionalUnits\CryptoLib\src\Asn1\ClpConstructedOctetStream.pas"/>
        <DCCReference Include="additionalUnits\CryptoLib\src\Asn1\ClpDefiniteLengthInputStream.pas"/>
        <DCCReference Include="additionalUnits\CryptoLib\src\Asn1\ClpDerApplicationSpecific.pas"/>
        <DCCReference Include="additionalUnits\CryptoLib\src\Asn1\ClpDerBitString.pas"/>
        <DCCReference Include="additionalUnits\CryptoLib\src\Asn1\ClpDerBmpString.pas"/>
        <DCCReference Include="additionalUnits\CryptoLib\src\Asn1\ClpDerBoolean.pas"/>
        <DCCReference Include="additionalUnits\CryptoLib\src\Asn1\ClpDerEnumerated.pas"/>
        <DCCReference Include="additionalUnits\CryptoLib\src\Asn1\ClpDerExternal.pas"/>
        <DCCReference Include="additionalUnits\CryptoLib\src\Asn1\ClpDerExternalParser.pas"/>
        <DCCReference Include="additionalUnits\CryptoLib\src\Asn1\ClpDerGeneralString.pas"/>
        <DCCReference Include="additionalUnits\CryptoLib\src\Asn1\ClpDerGraphicString.pas"/>
        <DCCReference Include="additionalUnits\CryptoLib\src\Asn1\ClpDerIA5String.pas"/>
        <DCCReference Include="additionalUnits\CryptoLib\src\Asn1\ClpDerInteger.pas"/>
        <DCCReference Include="additionalUnits\CryptoLib\src\Asn1\ClpDerNull.pas"/>
        <DCCReference Include="additionalUnits\CryptoLib\src\Asn1\ClpDerNumericString.pas"/>
        <DCCReference Include="additionalUnits\CryptoLib\src\Asn1\ClpDerObjectIdentifier.pas"/>
        <DCCReference Include="additionalUnits\CryptoLib\src\Asn1\ClpDerOctetString.pas"/>
        <DCCReference Include="additionalUnits\CryptoLib\src\Asn1\ClpDerOctetStringParser.pas"/>
        <DCCReference Include="additionalUnits\CryptoLib\src\Asn1\ClpDerOutputStream.pas"/>
        <DCCReference Include="additionalUnits\CryptoLib\src\Asn1\ClpDerPrintableString.pas"/>
        <DCCReference Include="additionalUnits\CryptoLib\src\Asn1\ClpDerSequence.pas"/>
        <DCCReference Include="additionalUnits\CryptoLib\src\Asn1\ClpDerSequenceParser.pas"/>
        <DCCReference Include="additionalUnits\CryptoLib\src\Asn1\ClpDerSet.pas"/>
        <DCCReference Include="additionalUnits\CryptoLib\src\Asn1\ClpDerSetParser.pas"/>
        <DCCReference Include="additionalUnits\CryptoLib\src\Asn1\ClpDerStringBase.pas"/>
        <DCCReference Include="additionalUnits\CryptoLib\src\Asn1\ClpDerT61String.pas"/>
        <DCCReference Include="additionalUnits\CryptoLib\src\Asn1\ClpDerTaggedObject.pas"/>
        <DCCReference Include="additionalUnits\CryptoLib\src\Asn1\ClpDerUniversalString.pas"/>
        <DCCReference Include="additionalUnits\CryptoLib\src\Asn1\ClpDerUtf8String.pas"/>
        <DCCReference Include="additionalUnits\CryptoLib\src\Asn1\ClpDerVideotexString.pas"/>
        <DCCReference Include="additionalUnits\CryptoLib\src\Asn1\ClpDerVisibleString.pas"/>
        <DCCReference Include="additionalUnits\CryptoLib\src\Asn1\ClpIndefiniteLengthInputStream.pas"/>
        <DCCReference Include="additionalUnits\CryptoLib\src\Asn1\ClpLimitedInputStream.pas"/>
        <DCCReference Include="additionalUnits\CryptoLib\src\Asn1\ClpOidTokenizer.pas"/>
        <DCCReference Include="additionalUnits\CryptoLib\src\Crypto\Generators\ClpECKeyPairGenerator.pas"/>
        <DCCReference Include="additionalUnits\CryptoLib\src\Crypto\Parameters\ClpECDomainParameters.pas"/>
        <DCCReference Include="additionalUnits\CryptoLib\src\Crypto\Parameters\ClpECKeyGenerationParameters.pas"/>
        <DCCReference Include="additionalUnits\CryptoLib\src\Crypto\Parameters\ClpECKeyParameters.pas"/>
        <DCCReference Include="additionalUnits\CryptoLib\src\Crypto\Parameters\ClpECPrivateKeyParameters.pas"/>
        <DCCReference Include="additionalUnits\CryptoLib\src\Crypto\Parameters\ClpECPublicKeyParameters.pas"/>
        <DCCReference Include="additionalUnits\CryptoLib\src\Crypto\Prng\ClpCryptoApiRandomGenerator.pas"/>
        <DCCReference Include="additionalUnits\CryptoLib\src\Crypto\Prng\ClpDigestRandomGenerator.pas"/>
        <DCCReference Include="additionalUnits\CryptoLib\src\Crypto\ClpAsymmetricCipherKeyPair.pas"/>
        <DCCReference Include="additionalUnits\CryptoLib\src\Crypto\ClpAsymmetricKeyParameter.pas"/>
        <DCCReference Include="additionalUnits\CryptoLib\src\Crypto\ClpKeyGenerationParameters.pas"/>
        <DCCReference Include="additionalUnits\CryptoLib\src\Interfaces\ClpIAbstractECMultiplier.pas"/>
        <DCCReference Include="additionalUnits\CryptoLib\src\Interfaces\ClpIAsn1ApplicationSpecificParser.pas"/>
        <DCCReference Include="additionalUnits\CryptoLib\src\Interfaces\ClpIAsn1Choice.pas"/>
        <DCCReference Include="additionalUnits\CryptoLib\src\Interfaces\ClpIAsn1EncodableVector.pas"/>
        <DCCReference Include="additionalUnits\CryptoLib\src\Interfaces\ClpIAsn1Null.pas"/>
        <DCCReference Include="additionalUnits\CryptoLib\src\Interfaces\ClpIAsn1OctetString.pas"/>
        <DCCReference Include="additionalUnits\CryptoLib\src\Interfaces\ClpIAsn1OctetStringParser.pas"/>
        <DCCReference Include="additionalUnits\CryptoLib\src\Interfaces\ClpIAsn1Sequence.pas"/>
        <DCCReference Include="additionalUnits\CryptoLib\src\Interfaces\ClpIAsn1SequenceParser.pas"/>
        <DCCReference Include="additionalUnits\CryptoLib\src\Interfaces\ClpIAsn1Set.pas"/>
        <DCCReference Include="additionalUnits\CryptoLib\src\Interfaces\ClpIAsn1SetParser.pas"/>
        <DCCReference Include="additionalUnits\CryptoLib\src\Interfaces\ClpIAsn1StreamParser.pas"/>
        <DCCReference Include="additionalUnits\CryptoLib\src\Interfaces\ClpIAsn1String.pas"/>
        <DCCReference Include="additionalUnits\CryptoLib\src\Interfaces\ClpIAsn1TaggedObject.pas"/>
        <DCCReference Include="additionalUnits\CryptoLib\src\Interfaces\ClpIAsn1TaggedObjectParser.pas"/>
        <DCCReference Include="additionalUnits\CryptoLib\src\Interfaces\ClpIAsymmetricCipherKeyPair.pas"/>
        <DCCReference Include="additionalUnits\CryptoLib\src\Interfaces\ClpIAsymmetricCipherKeyPairGenerator.pas"/>
        <DCCReference Include="additionalUnits\CryptoLib\src\Interfaces\ClpIAsymmetricKeyParameter.pas"/>
        <DCCReference Include="additionalUnits\CryptoLib\src\Interfaces\ClpIBerApplicationSpecific.pas"/>
        <DCCReference Include="additionalUnits\CryptoLib\src\Interfaces\ClpIBerApplicationSpecificParser.pas"/>
        <DCCReference Include="additionalUnits\CryptoLib\src\Interfaces\ClpIBerBitString.pas"/>
        <DCCReference Include="additionalUnits\CryptoLib\src\Interfaces\ClpIBerNull.pas"/>
        <DCCReference Include="additionalUnits\CryptoLib\src\Interfaces\ClpIBerOctetString.pas"/>
        <DCCReference Include="additionalUnits\CryptoLib\src\Interfaces\ClpIBerOctetStringParser.pas"/>
        <DCCReference Include="additionalUnits\CryptoLib\src\Interfaces\ClpIBerSequence.pas"/>
        <DCCReference Include="additionalUnits\CryptoLib\src\Interfaces\ClpIBerSequenceParser.pas"/>
        <DCCReference Include="additionalUnits\CryptoLib\src\Interfaces\ClpIBerSet.pas"/>
        <DCCReference Include="additionalUnits\CryptoLib\src\Interfaces\ClpIBerSetParser.pas"/>
        <DCCReference Include="additionalUnits\CryptoLib\src\Interfaces\ClpIBerTaggedObject.pas"/>
        <DCCReference Include="additionalUnits\CryptoLib\src\Interfaces\ClpIBerTaggedObjectParser.pas"/>
        <DCCReference Include="additionalUnits\CryptoLib\src\Interfaces\ClpICipherParameters.pas"/>
        <DCCReference Include="additionalUnits\CryptoLib\src\Interfaces\ClpICryptoApiRandomGenerator.pas"/>
        <DCCReference Include="additionalUnits\CryptoLib\src\Interfaces\ClpIDerApplicationSpecific.pas"/>
        <DCCReference Include="additionalUnits\CryptoLib\src\Interfaces\ClpIDerBitString.pas"/>
        <DCCReference Include="additionalUnits\CryptoLib\src\Interfaces\ClpIDerBmpString.pas"/>
        <DCCReference Include="additionalUnits\CryptoLib\src\Interfaces\ClpIDerBoolean.pas"/>
        <DCCReference Include="additionalUnits\CryptoLib\src\Interfaces\ClpIDerEnumerated.pas"/>
        <DCCReference Include="additionalUnits\CryptoLib\src\Interfaces\ClpIDerExternal.pas"/>
        <DCCReference Include="additionalUnits\CryptoLib\src\Interfaces\ClpIDerExternalParser.pas"/>
        <DCCReference Include="additionalUnits\CryptoLib\src\Interfaces\ClpIDerGeneralString.pas"/>
        <DCCReference Include="additionalUnits\CryptoLib\src\Interfaces\ClpIDerGraphicString.pas"/>
        <DCCReference Include="additionalUnits\CryptoLib\src\Interfaces\ClpIDerIA5String.pas"/>
        <DCCReference Include="additionalUnits\CryptoLib\src\Interfaces\ClpIDerInteger.pas"/>
        <DCCReference Include="additionalUnits\CryptoLib\src\Interfaces\ClpIDerNull.pas"/>
        <DCCReference Include="additionalUnits\CryptoLib\src\Interfaces\ClpIDerNumericString.pas"/>
        <DCCReference Include="additionalUnits\CryptoLib\src\Interfaces\ClpIDerObjectIdentifier.pas"/>
        <DCCReference Include="additionalUnits\CryptoLib\src\Interfaces\ClpIDerOctetString.pas"/>
        <DCCReference Include="additionalUnits\CryptoLib\src\Interfaces\ClpIDerOctetStringParser.pas"/>
        <DCCReference Include="additionalUnits\CryptoLib\src\Interfaces\ClpIDerPrintableString.pas"/>
        <DCCReference Include="additionalUnits\CryptoLib\src\Interfaces\ClpIDerSequence.pas"/>
        <DCCReference Include="additionalUnits\CryptoLib\src\Interfaces\ClpIDerSequenceParser.pas"/>
        <DCCReference Include="additionalUnits\CryptoLib\src\Interfaces\ClpIDerSet.pas"/>
        <DCCReference Include="additionalUnits\CryptoLib\src\Interfaces\ClpIDerSetParser.pas"/>
        <DCCReference Include="additionalUnits\CryptoLib\src\Interfaces\ClpIDerStringBase.pas"/>
        <DCCReference Include="additionalUnits\CryptoLib\src\Interfaces\ClpIDerT61String.pas"/>
        <DCCReference Include="additionalUnits\CryptoLib\src\Interfaces\ClpIDerTaggedObject.pas"/>
        <DCCReference Include="additionalUnits\CryptoLib\src\Interfaces\ClpIDerUniversalString.pas"/>
        <DCCReference Include="additionalUnits\CryptoLib\src\Interfaces\ClpIDerUtf8String.pas"/>
        <DCCReference Include="additionalUnits\CryptoLib\src\Interfaces\ClpIDerVideotexString.pas"/>
        <DCCReference Include="additionalUnits\CryptoLib\src\Interfaces\ClpIDerVisibleString.pas"/>
        <DCCReference Include="additionalUnits\CryptoLib\src\Interfaces\ClpIDigestRandomGenerator.pas"/>
        <DCCReference Include="additionalUnits\CryptoLib\src\Interfaces\ClpIECDomainParameters.pas"/>
        <DCCReference Include="additionalUnits\CryptoLib\src\Interfaces\ClpIECFieldElement.pas"/>
        <DCCReference Include="additionalUnits\CryptoLib\src\Interfaces\ClpIECInterface.pas"/>
        <DCCReference Include="additionalUnits\CryptoLib\src\Interfaces\ClpIECKeyGenerationParameters.pas"/>
        <DCCReference Include="additionalUnits\CryptoLib\src\Interfaces\ClpIECKeyPairGenerator.pas"/>
        <DCCReference Include="additionalUnits\CryptoLib\src\Interfaces\ClpIECKeyParameters.pas"/>
        <DCCReference Include="additionalUnits\CryptoLib\src\Interfaces\ClpIECPrivateKeyParameters.pas"/>
        <DCCReference Include="additionalUnits\CryptoLib\src\Interfaces\ClpIECPublicKeyParameters.pas"/>
        <DCCReference Include="additionalUnits\CryptoLib\src\Interfaces\ClpIExtensionField.pas"/>
        <DCCReference Include="additionalUnits\CryptoLib\src\Interfaces\ClpIFiniteField.pas"/>
        <DCCReference Include="additionalUnits\CryptoLib\src\Interfaces\ClpIFixedPointCombMultiplier.pas"/>
        <DCCReference Include="additionalUnits\CryptoLib\src\Interfaces\ClpIFixedPointPreCompInfo.pas"/>
        <DCCReference Include="additionalUnits\CryptoLib\src\Interfaces\ClpIGlvEndomorphism.pas"/>
        <DCCReference Include="additionalUnits\CryptoLib\src\Interfaces\ClpIGlvTypeBEndomorphism.pas"/>
        <DCCReference Include="additionalUnits\CryptoLib\src\Interfaces\ClpIGlvTypeBParameters.pas"/>
        <DCCReference Include="additionalUnits\CryptoLib\src\Interfaces\ClpIKeyGenerationParameters.pas"/>
        <DCCReference Include="additionalUnits\CryptoLib\src\Interfaces\ClpIOidTokenizer.pas"/>
        <DCCReference Include="additionalUnits\CryptoLib\src\Interfaces\ClpIPCGRandomNumberGenerator.pas"/>
        <DCCReference Include="additionalUnits\CryptoLib\src\Interfaces\ClpIPolynomial.pas"/>
        <DCCReference Include="additionalUnits\CryptoLib\src\Interfaces\ClpIPolynomialExtensionField.pas"/>
        <DCCReference Include="additionalUnits\CryptoLib\src\Interfaces\ClpIPreCompInfo.pas"/>
        <DCCReference Include="additionalUnits\CryptoLib\src\Interfaces\ClpIProxiedInterface.pas"/>
        <DCCReference Include="additionalUnits\CryptoLib\src\Interfaces\ClpIRandom.pas"/>
        <DCCReference Include="additionalUnits\CryptoLib\src\Interfaces\ClpIRandomGenerator.pas"/>
        <DCCReference Include="additionalUnits\CryptoLib\src\Interfaces\ClpIRandomNumberGenerator.pas"/>
        <DCCReference Include="additionalUnits\CryptoLib\src\Interfaces\ClpIScaleXPointMap.pas"/>
        <DCCReference Include="additionalUnits\CryptoLib\src\Interfaces\ClpISecureRandom.pas"/>
        <DCCReference Include="additionalUnits\CryptoLib\src\Interfaces\ClpIWNafPreCompInfo.pas"/>
        <DCCReference Include="additionalUnits\CryptoLib\src\Interfaces\ClpIX9Curve.pas"/>
        <DCCReference Include="additionalUnits\CryptoLib\src\Interfaces\ClpIX9ECParameters.pas"/>
        <DCCReference Include="additionalUnits\CryptoLib\src\Interfaces\ClpIX9ECParametersHolder.pas"/>
        <DCCReference Include="additionalUnits\CryptoLib\src\Interfaces\ClpIX9ECPoint.pas"/>
        <DCCReference Include="additionalUnits\CryptoLib\src\Interfaces\ClpIX9FieldElement.pas"/>
        <DCCReference Include="additionalUnits\CryptoLib\src\Interfaces\ClpIX9FieldID.pas"/>
        <DCCReference Include="additionalUnits\CryptoLib\src\Math\EC\Endo\ClpGlvTypeBEndomorphism.pas"/>
        <DCCReference Include="additionalUnits\CryptoLib\src\Math\EC\Endo\ClpGlvTypeBParameters.pas"/>
        <DCCReference Include="additionalUnits\CryptoLib\src\Math\EC\Multiplier\ClpAbstractECMultiplier.pas"/>
        <DCCReference Include="additionalUnits\CryptoLib\src\Math\EC\Multiplier\ClpFixedPointCombMultiplier.pas"/>
        <DCCReference Include="additionalUnits\CryptoLib\src\Math\EC\Multiplier\ClpFixedPointPreCompInfo.pas"/>
        <DCCReference Include="additionalUnits\CryptoLib\src\Math\EC\Multiplier\ClpFixedPointUtilities.pas"/>
        <DCCReference Include="additionalUnits\CryptoLib\src\Math\EC\Multiplier\ClpWNafPreCompInfo.pas"/>
        <DCCReference Include="additionalUnits\CryptoLib\src\Math\EC\ClpECAlgorithms.pas"/>
        <DCCReference Include="additionalUnits\CryptoLib\src\Math\EC\ClpECCurve.pas"/>
        <DCCReference Include="additionalUnits\CryptoLib\src\Math\EC\ClpECFieldElement.pas"/>
        <DCCReference Include="additionalUnits\CryptoLib\src\Math\EC\ClpECPoint.pas"/>
        <DCCReference Include="additionalUnits\CryptoLib\src\Math\EC\ClpLongArray.pas"/>
        <DCCReference Include="additionalUnits\CryptoLib\src\Math\EC\ClpScaleXPointMap.pas"/>
        <DCCReference Include="additionalUnits\CryptoLib\src\Math\ClpBigInteger.pas"/>
        <DCCReference Include="additionalUnits\CryptoLib\src\Security\ClpDigestUtilities.pas"/>
        <DCCReference Include="additionalUnits\CryptoLib\src\Security\ClpRandom.pas"/>
        <DCCReference Include="additionalUnits\CryptoLib\src\Security\ClpSecureRandom.pas"/>
        <DCCReference Include="additionalUnits\CryptoLib\src\Utils\Collections\ClpCollectionUtilities.pas"/>
        <DCCReference Include="additionalUnits\CryptoLib\src\Utils\Encoders\ClpBase64.pas"/>
        <DCCReference Include="additionalUnits\CryptoLib\src\Utils\Encoders\ClpHex.pas"/>
        <DCCReference Include="additionalUnits\CryptoLib\src\Utils\Helpers\ClpStreamHelper.pas"/>
        <DCCReference Include="additionalUnits\CryptoLib\src\Utils\IO\ClpBaseInputStream.pas"/>
        <DCCReference Include="additionalUnits\CryptoLib\src\Utils\IO\ClpFilterStream.pas"/>
        <DCCReference Include="additionalUnits\CryptoLib\src\Utils\IO\ClpStreams.pas"/>
        <DCCReference Include="additionalUnits\CryptoLib\src\Utils\Randoms\ClpPcgRandomMinimal.pas"/>
        <DCCReference Include="additionalUnits\CryptoLib\src\Utils\Rng\ClpPCGRandomNumberGenerator.pas"/>
        <DCCReference Include="additionalUnits\CryptoLib\src\Utils\Rng\ClpRandomNumberGenerator.pas"/>
        <DCCReference Include="additionalUnits\CryptoLib\src\Utils\ClpArrayUtils.pas"/>
        <DCCReference Include="additionalUnits\CryptoLib\src\Utils\ClpBitConverter.pas"/>
        <DCCReference Include="additionalUnits\CryptoLib\src\Utils\ClpBits.pas"/>
        <DCCReference Include="additionalUnits\CryptoLib\src\Utils\ClpConverters.pas"/>
        <DCCReference Include="additionalUnits\CryptoLib\src\Utils\ClpCryptoLibTypes.pas"/>
        <DCCReference Include="additionalUnits\CryptoLib\src\Utils\ClpTimes.pas"/>
        <DCCReference Include="additionalUnits\CryptoLib\src\Math\EC\Multiplier\ClpWNafUtilities.pas"/>
        <DCCReference Include="additionalUnits\CryptoLib\src\Utils\ClpBigIntegers.pas"/>
        <DCCReference Include="additionalUnits\CryptoLib\src\Math\Raw\ClpMod.pas"/>
        <DCCReference Include="additionalUnits\CryptoLib\src\Math\Raw\ClpNat.pas"/>
        <DCCReference Include="additionalUnits\CryptoLib\src\Math\ClpNumberStyles.pas"/>
        <DCCReference Include="additionalUnits\CryptoLib\src\Crypto\Parameters\ClpParametersWithRandom.pas"/>
        <DCCReference Include="additionalUnits\CryptoLib\src\Interfaces\ClpIParametersWithRandom.pas"/>
        <DCCReference Include="additionalUnits\CryptoLib\src\Interfaces\ClpIDsa.pas"/>
        <DCCReference Include="additionalUnits\CryptoLib\src\Interfaces\ClpIDsaKCalculator.pas"/>
        <DCCReference Include="additionalUnits\CryptoLib\src\Interfaces\ClpISigner.pas"/>
        <DCCReference Include="additionalUnits\CryptoLib\src\Crypto\Signers\ClpRandomDsaKCalculator.pas"/>
        <DCCReference Include="additionalUnits\CryptoLib\src\Interfaces\ClpIRandomDsaKCalculator.pas"/>
        <DCCReference Include="additionalUnits\CryptoLib\src\Crypto\Signers\ClpECDsaSigner.pas"/>
        <DCCReference Include="additionalUnits\CryptoLib\src\Interfaces\ClpIECDsaSigner.pas"/>
        <DCCReference Include="additionalUnits\CryptoLib\src\Crypto\Signers\ClpDsaDigestSigner.pas"/>
        <DCCReference Include="additionalUnits\CryptoLib\src\Interfaces\ClpIDsaDigestSigner.pas"/>
        <DCCReference Include="additionalUnits\CryptoLib\src\Security\ClpSignerUtilities.pas"/>
        <DCCReference Include="additionalUnits\CryptoLib\src\Math\EC\Abc\ClpZTauElement.pas"/>
        <DCCReference Include="additionalUnits\CryptoLib\src\Interfaces\ClpIZTauElement.pas"/>
        <DCCReference Include="additionalUnits\CryptoLib\src\Math\EC\Abc\ClpSimpleBigDecimal.pas"/>
        <DCCReference Include="additionalUnits\CryptoLib\src\Math\EC\Abc\ClpTnaf.pas"/>
        <DCCReference Include="additionalUnits\CryptoLib\src\Math\EC\Multiplier\ClpGlvMultiplier.pas"/>
        <DCCReference Include="additionalUnits\CryptoLib\src\Interfaces\ClpIGlvMultiplier.pas"/>
        <DCCReference Include="additionalUnits\CryptoLib\src\Math\EC\Multiplier\ClpWTauNafMultiplier.pas"/>
        <DCCReference Include="additionalUnits\CryptoLib\src\Interfaces\ClpIWTauNafMultiplier.pas"/>
        <DCCReference Include="additionalUnits\CryptoLib\src\Math\EC\Multiplier\ClpWTauNafPreCompInfo.pas"/>
        <DCCReference Include="additionalUnits\CryptoLib\src\Interfaces\ClpIWTauNafPreCompInfo.pas"/>
        <DCCReference Include="additionalUnits\CryptoLib\src\Math\EC\Multiplier\ClpWNafL2RMultiplier.pas"/>
        <DCCReference Include="additionalUnits\CryptoLib\src\Interfaces\ClpIWNafL2RMultiplier.pas"/>
        <DCCReference Include="additionalUnits\CryptoLib\src\Math\Field\ClpGF2Polynomial.pas"/>
        <DCCReference Include="additionalUnits\CryptoLib\src\Interfaces\ClpIGF2Polynomial.pas"/>
        <DCCReference Include="additionalUnits\CryptoLib\src\Math\Field\ClpGenericPolynomialExtensionField.pas"/>
        <DCCReference Include="additionalUnits\CryptoLib\src\Interfaces\ClpIGenericPolynomialExtensionField.pas"/>
        <DCCReference Include="additionalUnits\CryptoLib\src\Math\Field\ClpPrimeField.pas"/>
        <DCCReference Include="additionalUnits\CryptoLib\src\Interfaces\ClpIPrimeField.pas"/>
        <DCCReference Include="additionalUnits\CryptoLib\src\Math\Field\ClpFiniteFields.pas"/>
        <DCCReference Include="additionalUnits\CryptoLib\src\Utils\Rng\ClpOSRandomNumberGenerator.pas"/>
        <DCCReference Include="additionalUnits\CryptoLib\src\Interfaces\ClpIOSRandomNumberGenerator.pas"/>
        <DCCReference Include="additionalUnits\CryptoLib\src\Utils\Randoms\ClpOSRandom.pas"/>
        <DCCReference Include="additionalUnits\CryptoLib\src\Utils\ClpStreamSorter.pas"/>
        <DCCReference Include="additionalUnits\CryptoLib\src\Asn1\ClpAsn1Generator.pas"/>
        <DCCReference Include="additionalUnits\CryptoLib\src\Interfaces\ClpIAsn1Generator.pas"/>
        <DCCReference Include="additionalUnits\CryptoLib\src\Asn1\ClpDerGenerator.pas"/>
        <DCCReference Include="additionalUnits\CryptoLib\src\Interfaces\ClpIDerGenerator.pas"/>
        <DCCReference Include="additionalUnits\CryptoLib\src\Asn1\ClpDerSequenceGenerator.pas"/>
        <DCCReference Include="additionalUnits\CryptoLib\src\Interfaces\ClpIDerSequenceGenerator.pas"/>
        <DCCReference Include="additionalUnits\CryptoLib\src\Asn1\ClpBerGenerator.pas"/>
        <DCCReference Include="additionalUnits\CryptoLib\src\Interfaces\ClpIBerGenerator.pas"/>
        <DCCReference Include="additionalUnits\CryptoLib\src\Interfaces\ClpIBerSequenceGenerator.pas"/>
        <DCCReference Include="additionalUnits\CryptoLib\src\Asn1\ClpBerSequenceGenerator.pas"/>
        <DCCReference Include="additionalUnits\CryptoLib\src\Utils\ClpSetWeakRef.pas"/>
        <DCCReference Include="additionalUnits\CryptoLib\src\Security\ClpCipherUtilities.pas"/>
        <DCCReference Include="additionalUnits\CryptoLib\src\Interfaces\ClpIBufferedCipher.pas"/>
        <DCCReference Include="additionalUnits\CryptoLib\src\Interfaces\ClpIBlockCipher.pas"/>
        <DCCReference Include="additionalUnits\CryptoLib\src\Interfaces\ClpIBlockCipherPadding.pas"/>
        <DCCReference Include="additionalUnits\CryptoLib\src\Crypto\Paddings\ClpPkcs7Padding.pas"/>
        <DCCReference Include="additionalUnits\CryptoLib\src\Interfaces\ClpIPkcs7Padding.pas"/>
        <DCCReference Include="additionalUnits\CryptoLib\src\Crypto\Modes\ClpCbcBlockCipher.pas"/>
        <DCCReference Include="additionalUnits\CryptoLib\src\Interfaces\ClpICbcBlockCipher.pas"/>
        <DCCReference Include="additionalUnits\CryptoLib\src\Crypto\Parameters\ClpParametersWithIV.pas"/>
        <DCCReference Include="additionalUnits\CryptoLib\src\Interfaces\ClpIParametersWithIV.pas"/>
        <DCCReference Include="additionalUnits\CryptoLib\src\Crypto\Parameters\ClpKeyParameter.pas"/>
        <DCCReference Include="additionalUnits\CryptoLib\src\Interfaces\ClpIKeyParameter.pas"/>
        <DCCReference Include="additionalUnits\CryptoLib\src\Crypto\ClpBufferedCipherBase.pas"/>
        <DCCReference Include="additionalUnits\CryptoLib\src\Interfaces\ClpIBufferedCipherBase.pas"/>
        <DCCReference Include="additionalUnits\CryptoLib\src\Crypto\ClpBufferedBlockCipher.pas"/>
        <DCCReference Include="additionalUnits\CryptoLib\src\Interfaces\ClpIBufferedBlockCipher.pas"/>
        <DCCReference Include="additionalUnits\CryptoLib\src\Utils\ClpCheck.pas"/>
        <DCCReference Include="additionalUnits\CryptoLib\src\Crypto\Paddings\ClpPaddedBufferedBlockCipher.pas"/>
        <DCCReference Include="additionalUnits\CryptoLib\src\Interfaces\ClpIPaddedBufferedBlockCipher.pas"/>
        <DCCReference Include="additionalUnits\CryptoLib\src\Security\ClpGeneratorUtilities.pas"/>
        <DCCReference Include="additionalUnits\CryptoLib\src\Security\ClpParameterUtilities.pas"/>
        <DCCReference Include="additionalUnits\CryptoLib\src\Crypto\Engines\ClpAesEngine.pas"/>
        <DCCReference Include="additionalUnits\CryptoLib\src\Interfaces\ClpIAesEngine.pas"/>
        <DCCReference Include="additionalUnits\CryptoLib\src\Crypto\Agreement\ClpECDHBasicAgreement.pas"/>
        <DCCReference Include="additionalUnits\CryptoLib\src\Interfaces\ClpIBasicAgreement.pas"/>
        <DCCReference Include="additionalUnits\CryptoLib\src\Interfaces\ClpIECDHBasicAgreement.pas"/>
        <DCCReference Include="additionalUnits\CryptoLib\src\Crypto\Parameters\ClpIESParameters.pas"/>
        <DCCReference Include="additionalUnits\CryptoLib\src\Interfaces\ClpIIESParameters.pas"/>
        <DCCReference Include="additionalUnits\CryptoLib\src\Crypto\Parameters\ClpIESWithCipherParameters.pas"/>
        <DCCReference Include="additionalUnits\CryptoLib\src\Interfaces\ClpIIESWithCipherParameters.pas"/>
        <DCCReference Include="additionalUnits\CryptoLib\src\Interfaces\ClpIDerivationParameters.pas"/>
        <DCCReference Include="additionalUnits\CryptoLib\src\Interfaces\ClpIDerivationFunction.pas"/>
        <DCCReference Include="additionalUnits\CryptoLib\src\Crypto\Parameters\ClpKdfParameters.pas"/>
        <DCCReference Include="additionalUnits\CryptoLib\src\Interfaces\ClpIKdfParameters.pas"/>
        <DCCReference Include="additionalUnits\CryptoLib\src\Crypto\Parameters\ClpIso18033KdfParameters.pas"/>
        <DCCReference Include="additionalUnits\CryptoLib\src\Interfaces\ClpIIso18033KdfParameters.pas"/>
        <DCCReference Include="additionalUnits\CryptoLib\src\Crypto\Generators\ClpBaseKdfBytesGenerator.pas"/>
        <DCCReference Include="additionalUnits\CryptoLib\src\Interfaces\ClpIBaseKdfBytesGenerator.pas"/>
        <DCCReference Include="additionalUnits\CryptoLib\src\Crypto\Generators\ClpKdf2BytesGenerator.pas"/>
        <DCCReference Include="additionalUnits\CryptoLib\src\Interfaces\ClpIKdf2BytesGenerator.pas"/>
        <DCCReference Include="additionalUnits\CryptoLib\src\Interfaces\ClpIKeyParser.pas"/>
        <DCCReference Include="additionalUnits\CryptoLib\src\Crypto\ClpEphemeralKeyPair.pas"/>
        <DCCReference Include="additionalUnits\CryptoLib\src\Interfaces\ClpIEphemeralKeyPair.pas"/>
        <DCCReference Include="additionalUnits\CryptoLib\src\Crypto\Generators\ClpEphemeralKeyPairGenerator.pas"/>
        <DCCReference Include="additionalUnits\CryptoLib\src\Interfaces\ClpIEphemeralKeyPairGenerator.pas"/>
        <DCCReference Include="additionalUnits\CryptoLib\src\Crypto\ClpKeyEncoder.pas"/>
        <DCCReference Include="additionalUnits\CryptoLib\src\Interfaces\ClpIKeyEncoder.pas"/>
        <DCCReference Include="additionalUnits\CryptoLib\src\Crypto\ClpIESCipher.pas"/>
        <DCCReference Include="additionalUnits\CryptoLib\src\Interfaces\ClpIIESCipher.pas"/>
        <DCCReference Include="additionalUnits\CryptoLib\src\Crypto\Parsers\ClpECIESPublicKeyParser.pas"/>
        <DCCReference Include="additionalUnits\CryptoLib\src\Interfaces\ClpIECIESPublicKeyParser.pas"/>
        <DCCReference Include="additionalUnits\CryptoLib\src\Crypto\Paddings\ClpZeroBytePadding.pas"/>
        <DCCReference Include="additionalUnits\CryptoLib\src\Interfaces\ClpIZeroBytePadding.pas"/>
        <DCCReference Include="additionalUnits\CryptoLib\src\Crypto\Engines\ClpIESEngine.pas"/>
        <DCCReference Include="additionalUnits\CryptoLib\src\Interfaces\ClpIIESEngine.pas"/>
        <DCCReference Include="additionalUnits\CryptoLib\src\Crypto\Engines\ClpPascalCoinIESEngine.pas"/>
        <DCCReference Include="additionalUnits\CryptoLib\src\Interfaces\ClpIPascalCoinIESEngine.pas"/>
        <DCCReference Include="additionalUnits\CryptoLib\src\Crypto\Generators\ClpPascalCoinECIESKdfBytesGenerator.pas"/>
        <DCCReference Include="additionalUnits\CryptoLib\src\Interfaces\ClpIPascalCoinECIESKdfBytesGenerator.pas"/>
        <DCCReference Include="additionalUnits\CryptoLib\src\Crypto\Paddings\ClpISO10126d2Padding.pas"/>
        <DCCReference Include="additionalUnits\CryptoLib\src\Interfaces\ClpIISO10126d2Padding.pas"/>
        <DCCReference Include="additionalUnits\CryptoLib\src\Crypto\Paddings\ClpISO7816d4Padding.pas"/>
        <DCCReference Include="additionalUnits\CryptoLib\src\Interfaces\ClpIISO7816d4Padding.pas"/>
        <DCCReference Include="additionalUnits\CryptoLib\src\Crypto\Paddings\ClpTTBCPadding.pas"/>
        <DCCReference Include="additionalUnits\CryptoLib\src\Interfaces\ClpITBCPadding.pas"/>
        <DCCReference Include="additionalUnits\CryptoLib\src\Crypto\Paddings\ClpX923Padding.pas"/>
        <DCCReference Include="additionalUnits\CryptoLib\src\Interfaces\ClpIX923Padding.pas"/>
        <DCCReference Include="additionalUnits\CryptoLib\src\Crypto\Modes\ClpCfbBlockCipher.pas"/>
        <DCCReference Include="additionalUnits\CryptoLib\src\Interfaces\ClpICfbBlockCipher.pas"/>
        <DCCReference Include="additionalUnits\CryptoLib\src\Crypto\Modes\ClpOfbBlockCipher.pas"/>
        <DCCReference Include="additionalUnits\CryptoLib\src\Interfaces\ClpIOfbBlockCipher.pas"/>
        <DCCReference Include="additionalUnits\CryptoLib\src\Crypto\Modes\ClpSicBlockCipher.pas"/>
        <DCCReference Include="additionalUnits\CryptoLib\src\Interfaces\ClpISicBlockCipher.pas"/>
        <DCCReference Include="additionalUnits\CryptoLib\src\Interfaces\ClpIDigest.pas"/>
        <DCCReference Include="additionalUnits\CryptoLib\src\Interfaces\ClpIMac.pas"/>
        <DCCReference Include="additionalUnits\CryptoLib\src\Utils\ClpStringUtils.pas"/>
        <DCCReference Include="additionalUnits\CryptoLib\src\Crypto\Generators\ClpCipherKeyGenerator.pas"/>
        <DCCReference Include="additionalUnits\CryptoLib\src\Interfaces\ClpICipherKeyGenerator.pas"/>
        <DCCReference Include="additionalUnits\CryptoLib\src\Crypto\Macs\ClpHMac.pas"/>
        <DCCReference Include="additionalUnits\CryptoLib\src\Interfaces\ClpIHMac.pas"/>
        <DCCReference Include="additionalUnits\CryptoLib\src\Security\ClpMacUtilities.pas"/>
        <DCCReference Include="additionalUnits\CryptoLib\src\Asn1\Iana\ClpIanaObjectIdentifiers.pas"/>
        <DCCReference Include="additionalUnits\CryptoLib\src\Asn1\Misc\ClpMiscObjectIdentifiers.pas"/>
        <DCCReference Include="additionalUnits\CryptoLib\src\Crypto\Generators\ClpPbeParametersGenerator.pas"/>
        <DCCReference Include="additionalUnits\CryptoLib\src\Interfaces\ClpIPbeParametersGenerator.pas"/>
        <DCCReference Include="additionalUnits\CryptoLib\src\Crypto\Generators\ClpPkcs5S2ParametersGenerator.pas"/>
        <DCCReference Include="additionalUnits\CryptoLib\src\Interfaces\ClpIPkcs5S2ParametersGenerator.pas"/>
        <DCCReference Include="additionalUnits\CryptoLib\src\Crypto\Signers\ClpECNRSigner.pas"/>
        <DCCReference Include="additionalUnits\CryptoLib\src\Interfaces\ClpIECNRSigner.pas"/>
        <DCCReference Include="additionalUnits\CryptoLib\src\Crypto\Parameters\ClpDsaValidationParameters.pas"/>
        <DCCReference Include="additionalUnits\CryptoLib\src\Interfaces\ClpIDsaValidationParameters.pas"/>
        <DCCReference Include="additionalUnits\CryptoLib\src\Crypto\Parameters\ClpDsaParameters.pas"/>
        <DCCReference Include="additionalUnits\CryptoLib\src\Interfaces\ClpIDsaParameters.pas"/>
        <DCCReference Include="additionalUnits\CryptoLib\src\Crypto\Parameters\ClpDsaPublicKeyParameters.pas"/>
        <DCCReference Include="additionalUnits\CryptoLib\src\Interfaces\ClpIDsaPublicKeyParameters.pas"/>
        <DCCReference Include="additionalUnits\CryptoLib\src\Crypto\Parameters\ClpDsaKeyParameters.pas"/>
        <DCCReference Include="additionalUnits\CryptoLib\src\Interfaces\ClpIDsaKeyParameters.pas"/>
        <DCCReference Include="additionalUnits\CryptoLib\src\Crypto\Parameters\ClpDsaKeyGenerationParameters.pas"/>
        <DCCReference Include="additionalUnits\CryptoLib\src\Interfaces\ClpIDsaKeyGenerationParameters.pas"/>
        <DCCReference Include="additionalUnits\CryptoLib\src\Crypto\Parameters\ClpDsaPrivateKeyParameters.pas"/>
        <DCCReference Include="additionalUnits\CryptoLib\src\Interfaces\ClpIDsaPrivateKeyParameters.pas"/>
        <DCCReference Include="additionalUnits\CryptoLib\src\Crypto\Generators\ClpDsaKeyPairGenerator.pas"/>
        <DCCReference Include="additionalUnits\CryptoLib\src\Interfaces\ClpIDsaKeyPairGenerator.pas"/>
        <DCCReference Include="additionalUnits\CryptoLib\src\Crypto\Signers\ClpDsaSigner.pas"/>
        <DCCReference Include="additionalUnits\CryptoLib\src\Utils\Encoders\ClpBase58.pas"/>
        <DCCReference Include="additionalUnits\CryptoLib\src\Interfaces\ClpIDsaSigner.pas"/>
        <DCCReference Include="additionalUnits\CryptoLib\src\Crypto\Digests\ClpDigest.pas"/>
        <DCCReference Include="additionalUnits\CryptoLib\src\Crypto\Agreement\ClpECDHCBasicAgreement.pas"/>
        <DCCReference Include="additionalUnits\CryptoLib\src\Interfaces\ClpIECDHCBasicAgreement.pas"/>
        <DCCReference Include="additionalUnits\CryptoLib\src\Crypto\Signers\ClpHMacDsaKCalculator.pas"/>
        <DCCReference Include="additionalUnits\CryptoLib\src\Interfaces\ClpIHMacDsaKCalculator.pas"/>
        <DCCReference Include="additionalUnits\CryptoLib\src\Crypto\Generators\ClpHkdfBytesGenerator.pas"/>
        <DCCReference Include="additionalUnits\CryptoLib\src\Interfaces\ClpIHkdfBytesGenerator.pas"/>
        <DCCReference Include="additionalUnits\CryptoLib\src\Crypto\Parameters\ClpHkdfParameters.pas"/>
        <DCCReference Include="additionalUnits\CryptoLib\src\Interfaces\ClpIHkdfParameters.pas"/>
        <DCCReference Include="additionalUnits\CryptoLib\src\Crypto\Parameters\ClpDsaParameterGenerationParameters.pas"/>
        <DCCReference Include="additionalUnits\CryptoLib\src\Interfaces\ClpIDsaParameterGenerationParameters.pas"/>
        <DCCReference Include="additionalUnits\CryptoLib\src\Math\EC\ClpValidityPrecompInfo.pas"/>
        <DCCReference Include="additionalUnits\CryptoLib\src\Interfaces\ClpIValidityPrecompInfo.pas"/>
        <DCCReference Include="additionalUnits\CryptoLib\src\Crypto\Generators\ClpDsaParametersGenerator.pas"/>
        <DCCReference Include="additionalUnits\CryptoLib\src\Interfaces\ClpIDsaParametersGenerator.pas"/>
        <DCCReference Include="additionalUnits\CryptoLib\src\Asn1\X509\ClpDsaParameter.pas"/>
        <DCCReference Include="additionalUnits\CryptoLib\src\Interfaces\ClpIDsaParameter.pas"/>
        <DCCReference Include="additionalUnits\CryptoLib\src\Interfaces\ClpIPreCompCallBack.pas"/>
        <DCCReference Include="additionalUnits\CryptoLib\src\Asn1\Nist\ClpNistNamedCurves.pas"/>
        <DCCReference Include="additionalUnits\CryptoLib\src\Math\Raw\ClpNat320.pas"/>
        <DCCReference Include="additionalUnits\CryptoLib\src\Math\Raw\ClpNat256.pas"/>
        <DCCReference Include="additionalUnits\CryptoLib\src\Crypto\Engines\ClpAesLightEngine.pas"/>
        <DCCReference Include="additionalUnits\CryptoLib\src\Interfaces\ClpIAesLightEngine.pas"/>
        <DCCReference Include="additionalUnits\CryptoLib\src\Crypto\EC\ClpCustomNamedCurves.pas"/>
        <DCCReference Include="additionalUnits\CryptoLib\src\Math\EC\Custom\Sec\ClpSecP256K1Field.pas"/>
        <DCCReference Include="additionalUnits\CryptoLib\src\Math\EC\Custom\Sec\ClpSecP256K1FieldElement.pas"/>
        <DCCReference Include="additionalUnits\CryptoLib\src\Interfaces\ClpISecP256K1FieldElement.pas"/>
        <DCCReference Include="additionalUnits\CryptoLib\src\Math\EC\Custom\Sec\ClpSecP256K1Point.pas"/>
        <DCCReference Include="additionalUnits\CryptoLib\src\Interfaces\ClpISecP256K1Point.pas"/>
        <DCCReference Include="additionalUnits\CryptoLib\src\Math\EC\Custom\Sec\ClpSecP256K1Curve.pas"/>
        <DCCReference Include="additionalUnits\CryptoLib\src\Interfaces\ClpISecP256K1Curve.pas"/>
        <DCCReference Include="additionalUnits\CryptoLib\src\Math\EC\Custom\Sec\ClpSecP384R1Field.pas"/>
        <DCCReference Include="additionalUnits\CryptoLib\src\Math\Raw\ClpNat384.pas"/>
        <DCCReference Include="additionalUnits\CryptoLib\src\Math\EC\Custom\Sec\ClpSecP384R1FieldElement.pas"/>
        <DCCReference Include="additionalUnits\CryptoLib\src\Interfaces\ClpISecP384R1FieldElement.pas"/>
        <DCCReference Include="additionalUnits\CryptoLib\src\Math\EC\Custom\Sec\ClpSecP384R1Point.pas"/>
        <DCCReference Include="additionalUnits\CryptoLib\src\Interfaces\ClpISecP384R1Point.pas"/>
        <DCCReference Include="additionalUnits\CryptoLib\src\Math\EC\Custom\Sec\ClpSecP384R1Curve.pas"/>
        <DCCReference Include="additionalUnits\CryptoLib\src\Interfaces\ClpISecP384R1Curve.pas"/>
        <DCCReference Include="additionalUnits\CryptoLib\src\Math\Raw\ClpNat192.pas"/>
        <DCCReference Include="additionalUnits\CryptoLib\src\Math\EC\Custom\Sec\ClpSecP521R1Field.pas"/>
        <DCCReference Include="additionalUnits\CryptoLib\src\Math\Raw\ClpNat512.pas"/>
        <DCCReference Include="additionalUnits\CryptoLib\src\Math\EC\Custom\Sec\ClpSecP521R1FieldElement.pas"/>
        <DCCReference Include="additionalUnits\CryptoLib\src\Interfaces\ClpISecP521R1FieldElement.pas"/>
        <DCCReference Include="additionalUnits\CryptoLib\src\Math\EC\Custom\Sec\ClpSecP521R1Point.pas"/>
        <DCCReference Include="additionalUnits\CryptoLib\src\Interfaces\ClpISecP521R1Point.pas"/>
        <DCCReference Include="additionalUnits\CryptoLib\src\Math\EC\Custom\Sec\ClpSecP521R1Curve.pas"/>
        <DCCReference Include="additionalUnits\CryptoLib\src\Interfaces\ClpISecP521R1Curve.pas"/>
        <DCCReference Include="additionalUnits\CryptoLib\src\Math\Raw\ClpInterleave.pas"/>
        <DCCReference Include="additionalUnits\CryptoLib\src\Math\EC\Custom\Sec\ClpSecT283Field.pas"/>
        <DCCReference Include="additionalUnits\CryptoLib\src\Math\EC\Custom\Sec\ClpSecT283FieldElement.pas"/>
        <DCCReference Include="additionalUnits\CryptoLib\src\Interfaces\ClpISecT283FieldElement.pas"/>
        <DCCReference Include="additionalUnits\CryptoLib\src\Math\EC\Custom\Sec\ClpSecT283K1Point.pas"/>
        <DCCReference Include="additionalUnits\CryptoLib\src\Interfaces\ClpISecT283K1Point.pas"/>
        <DCCReference Include="additionalUnits\CryptoLib\src\Interfaces\ClpISecT283K1Curve.pas"/>
        <DCCReference Include="additionalUnits\CryptoLib\src\Math\EC\Custom\Sec\ClpSecT283K1Curve.pas"/>
        <DCCReference Include="additionalUnits\CryptoLib\src\Math\EC\Custom\Sec\ClpSecP256R1Field.pas"/>
        <DCCReference Include="additionalUnits\CryptoLib\src\Math\EC\Custom\Sec\ClpSecP256R1FieldElement.pas"/>
        <DCCReference Include="additionalUnits\CryptoLib\src\Interfaces\ClpISecP256R1FieldElement.pas"/>
        <DCCReference Include="additionalUnits\CryptoLib\src\Interfaces\ClpISecP256R1Point.pas"/>
        <DCCReference Include="additionalUnits\CryptoLib\src\Math\EC\Custom\Sec\ClpSecP256R1Point.pas"/>
        <DCCReference Include="additionalUnits\CryptoLib\src\Interfaces\ClpISecP256R1Curve.pas"/>
        <DCCReference Include="additionalUnits\CryptoLib\src\Math\EC\Custom\Sec\ClpSecP256R1Curve.pas"/>
        <DCCReference Include="additionalUnits\CryptoLib\src\Interfaces\ClpIDsaEncoding.pas"/>
        <DCCReference Include="additionalUnits\CryptoLib\src\Interfaces\ClpIDsaExt.pas"/>
        <DCCReference Include="additionalUnits\CryptoLib\src\Crypto\Signers\ClpStandardDsaEncoding.pas"/>
        <DCCReference Include="additionalUnits\CryptoLib\src\Interfaces\ClpIStandardDsaEncoding.pas"/>
        <DCCReference Include="additionalUnits\CryptoLib\src\Interfaces\ClpIPlainDsaEncoding.pas"/>
        <DCCReference Include="additionalUnits\CryptoLib\src\Crypto\Signers\ClpPlainDsaEncoding.pas"/>
        <DCCReference Include="additionalUnits\CryptoLib\src\Asn1\Bsi\ClpBsiObjectIdentifiers.pas"/>
        <DCCReference Include="additionalUnits\CryptoLib\src\Asn1\Eac\ClpEacObjectIdentifiers.pas"/>
        <DCCReference Include="additionalUnits\CryptoLib\src\Crypto\Signers\ClpSchnorrDigestSigner.pas"/>
        <DCCReference Include="additionalUnits\CryptoLib\src\Interfaces\ClpISchnorrDigestSigner.pas"/>
        <DCCReference Include="additionalUnits\CryptoLib\src\Interfaces\ClpISchnorr.pas"/>
        <DCCReference Include="additionalUnits\CryptoLib\src\Crypto\Signers\ClpECSchnorrSipaSigner.pas"/>
        <DCCReference Include="additionalUnits\CryptoLib\src\Interfaces\ClpIECSchnorrSipaSigner.pas"/>
        <DCCReference Include="additionalUnits\CryptoLib\src\Interfaces\ClpISchnorrExt.pas"/>
        <DCCReference Include="additionalUnits\CryptoLib\src\Interfaces\ClpISchnorrEncoding.pas"/>
        <DCCReference Include="additionalUnits\CryptoLib\src\Interfaces\ClpIPlainSchnorrEncoding.pas"/>
        <DCCReference Include="additionalUnits\CryptoLib\src\Crypto\Signers\ClpPlainSchnorrEncoding.pas"/>
        <DCCReference Include="additionalUnits\CryptoLib\src\Base\HlpHash.pas"/>
        <DCCReference Include="additionalUnits\CryptoLib\src\Base\HlpHashBuffer.pas"/>
        <DCCReference Include="additionalUnits\CryptoLib\src\Base\HlpHashCryptoNotBuildIn.pas"/>
        <DCCReference Include="additionalUnits\CryptoLib\src\Base\HlpHashFactory.pas"/>
        <DCCReference Include="additionalUnits\CryptoLib\src\Base\HlpHashResult.pas"/>
        <DCCReference Include="additionalUnits\CryptoLib\src\Base\HlpHashRounds.pas"/>
        <DCCReference Include="additionalUnits\CryptoLib\src\Base\HlpHashSize.pas"/>
        <DCCReference Include="additionalUnits\CryptoLib\src\Base\HlpHMACNotBuildInAdapter.pas"/>
        <DCCReference Include="additionalUnits\CryptoLib\src\Base\HlpKDF.pas"/>
        <DCCReference Include="additionalUnits\CryptoLib\src\Base\HlpMultipleTransformNonBlock.pas"/>
        <DCCReference Include="additionalUnits\CryptoLib\src\Checksum\HlpAdler32.pas"/>
        <DCCReference Include="additionalUnits\CryptoLib\src\Checksum\HlpCRC.pas"/>
        <DCCReference Include="additionalUnits\CryptoLib\src\Checksum\HlpCRC16.pas"/>
        <DCCReference Include="additionalUnits\CryptoLib\src\Checksum\HlpCRC32.pas"/>
        <DCCReference Include="additionalUnits\CryptoLib\src\Checksum\HlpCRC64.pas"/>
        <DCCReference Include="additionalUnits\CryptoLib\src\Crypto\HlpBlake2B.pas"/>
        <DCCReference Include="additionalUnits\CryptoLib\src\Crypto\HlpBlake2S.pas"/>
        <DCCReference Include="additionalUnits\CryptoLib\src\Crypto\HlpGost.pas"/>
        <DCCReference Include="additionalUnits\CryptoLib\src\Crypto\HlpGOST3411_2012.pas"/>
        <DCCReference Include="additionalUnits\CryptoLib\src\Crypto\HlpGrindahl256.pas"/>
        <DCCReference Include="additionalUnits\CryptoLib\src\Crypto\HlpGrindahl512.pas"/>
        <DCCReference Include="additionalUnits\CryptoLib\src\Crypto\HlpHAS160.pas"/>
        <DCCReference Include="additionalUnits\CryptoLib\src\Crypto\HlpHaval.pas"/>
        <DCCReference Include="additionalUnits\CryptoLib\src\Crypto\HlpMD2.pas"/>
        <DCCReference Include="additionalUnits\CryptoLib\src\Crypto\HlpMD4.pas"/>
        <DCCReference Include="additionalUnits\CryptoLib\src\Crypto\HlpMD5.pas"/>
        <DCCReference Include="additionalUnits\CryptoLib\src\Crypto\HlpMDBase.pas"/>
        <DCCReference Include="additionalUnits\CryptoLib\src\Crypto\HlpPanama.pas"/>
        <DCCReference Include="additionalUnits\CryptoLib\src\Crypto\HlpRadioGatun32.pas"/>
        <DCCReference Include="additionalUnits\CryptoLib\src\Crypto\HlpRadioGatun64.pas"/>
        <DCCReference Include="additionalUnits\CryptoLib\src\Crypto\HlpRIPEMD.pas"/>
        <DCCReference Include="additionalUnits\CryptoLib\src\Crypto\HlpRIPEMD128.pas"/>
        <DCCReference Include="additionalUnits\CryptoLib\src\Crypto\HlpRIPEMD160.pas"/>
        <DCCReference Include="additionalUnits\CryptoLib\src\Crypto\HlpRIPEMD256.pas"/>
        <DCCReference Include="additionalUnits\CryptoLib\src\Crypto\HlpRIPEMD320.pas"/>
        <DCCReference Include="additionalUnits\CryptoLib\src\Crypto\HlpSHA0.pas"/>
        <DCCReference Include="additionalUnits\CryptoLib\src\Crypto\HlpSHA1.pas"/>
        <DCCReference Include="additionalUnits\CryptoLib\src\Crypto\HlpSHA2_224.pas"/>
        <DCCReference Include="additionalUnits\CryptoLib\src\Crypto\HlpSHA2_256.pas"/>
        <DCCReference Include="additionalUnits\CryptoLib\src\Crypto\HlpSHA2_256Base.pas"/>
        <DCCReference Include="additionalUnits\CryptoLib\src\Crypto\HlpSHA2_384.pas"/>
        <DCCReference Include="additionalUnits\CryptoLib\src\Crypto\HlpSHA2_512.pas"/>
        <DCCReference Include="additionalUnits\CryptoLib\src\Crypto\HlpSHA2_512_224.pas"/>
        <DCCReference Include="additionalUnits\CryptoLib\src\Crypto\HlpSHA2_512_256.pas"/>
        <DCCReference Include="additionalUnits\CryptoLib\src\Crypto\HlpSHA2_512Base.pas"/>
        <DCCReference Include="additionalUnits\CryptoLib\src\Crypto\HlpSHA3.pas"/>
        <DCCReference Include="additionalUnits\CryptoLib\src\Crypto\HlpSnefru.pas"/>
        <DCCReference Include="additionalUnits\CryptoLib\src\Crypto\HlpTiger.pas"/>
        <DCCReference Include="additionalUnits\CryptoLib\src\Crypto\HlpTiger2.pas"/>
        <DCCReference Include="additionalUnits\CryptoLib\src\Crypto\HlpWhirlPool.pas"/>
        <DCCReference Include="additionalUnits\CryptoLib\src\Crypto\Blake2BConfigurations\HlpBlake2BConfig.pas"/>
        <DCCReference Include="additionalUnits\CryptoLib\src\Crypto\Blake2BConfigurations\HlpBlake2BIvBuilder.pas"/>
        <DCCReference Include="additionalUnits\CryptoLib\src\Crypto\Blake2BConfigurations\HlpBlake2BTreeConfig.pas"/>
        <DCCReference Include="additionalUnits\CryptoLib\src\Crypto\Blake2SConfigurations\HlpBlake2SConfig.pas"/>
        <DCCReference Include="additionalUnits\CryptoLib\src\Crypto\Blake2SConfigurations\HlpBlake2SIvBuilder.pas"/>
        <DCCReference Include="additionalUnits\CryptoLib\src\Crypto\Blake2SConfigurations\HlpBlake2STreeConfig.pas"/>
        <DCCReference Include="additionalUnits\CryptoLib\src\NullDigest\HlpNullDigest.pas"/>
        <DCCReference Include="additionalUnits\CryptoLib\src\Hash32\HlpAP.pas"/>
        <DCCReference Include="additionalUnits\CryptoLib\src\Hash32\HlpBernstein.pas"/>
        <DCCReference Include="additionalUnits\CryptoLib\src\Hash32\HlpBernstein1.pas"/>
        <DCCReference Include="additionalUnits\CryptoLib\src\Hash32\HlpBKDR.pas"/>
        <DCCReference Include="additionalUnits\CryptoLib\src\Hash32\HlpDEK.pas"/>
        <DCCReference Include="additionalUnits\CryptoLib\src\Hash32\HlpDJB.pas"/>
        <DCCReference Include="additionalUnits\CryptoLib\src\Hash32\HlpELF.pas"/>
        <DCCReference Include="additionalUnits\CryptoLib\src\Hash32\HlpFNV.pas"/>
        <DCCReference Include="additionalUnits\CryptoLib\src\Hash32\HlpFNV1a.pas"/>
        <DCCReference Include="additionalUnits\CryptoLib\src\Hash32\HlpJenkins3.pas"/>
        <DCCReference Include="additionalUnits\CryptoLib\src\Hash32\HlpJS.pas"/>
        <DCCReference Include="additionalUnits\CryptoLib\src\Hash32\HlpMurmur2.pas"/>
        <DCCReference Include="additionalUnits\CryptoLib\src\Hash32\HlpMurmurHash3_x86_32.pas"/>
        <DCCReference Include="additionalUnits\CryptoLib\src\Hash32\HlpOneAtTime.pas"/>
        <DCCReference Include="additionalUnits\CryptoLib\src\Hash32\HlpPJW.pas"/>
        <DCCReference Include="additionalUnits\CryptoLib\src\Hash32\HlpRotating.pas"/>
        <DCCReference Include="additionalUnits\CryptoLib\src\Hash32\HlpRS.pas"/>
        <DCCReference Include="additionalUnits\CryptoLib\src\Hash32\HlpSDBM.pas"/>
        <DCCReference Include="additionalUnits\CryptoLib\src\Hash32\HlpShiftAndXor.pas"/>
        <DCCReference Include="additionalUnits\CryptoLib\src\Hash32\HlpSuperFast.pas"/>
        <DCCReference Include="additionalUnits\CryptoLib\src\Hash32\HlpXXHash32.pas"/>
        <DCCReference Include="additionalUnits\CryptoLib\src\Hash64\HlpFNV1a64.pas"/>
        <DCCReference Include="additionalUnits\CryptoLib\src\Hash64\HlpFNV64.pas"/>
        <DCCReference Include="additionalUnits\CryptoLib\src\Hash64\HlpMurmur2_64.pas"/>
        <DCCReference Include="additionalUnits\CryptoLib\src\Hash64\HlpSipHash.pas"/>
        <DCCReference Include="additionalUnits\CryptoLib\src\Hash64\HlpXXHash64.pas"/>
        <DCCReference Include="additionalUnits\CryptoLib\src\Hash128\HlpMurmurHash3_x64_128.pas"/>
        <DCCReference Include="additionalUnits\CryptoLib\src\Hash128\HlpMurmurHash3_x86_128.pas"/>
        <DCCReference Include="additionalUnits\CryptoLib\src\Interfaces\HlpICRC.pas"/>
        <DCCReference Include="additionalUnits\CryptoLib\src\Interfaces\HlpIHash.pas"/>
        <DCCReference Include="additionalUnits\CryptoLib\src\Interfaces\HlpIHashInfo.pas"/>
        <DCCReference Include="additionalUnits\CryptoLib\src\Interfaces\HlpIHashResult.pas"/>
        <DCCReference Include="additionalUnits\CryptoLib\src\Interfaces\HlpIKDF.pas"/>
        <DCCReference Include="additionalUnits\CryptoLib\src\Interfaces\IBlake2BConfigurations\HlpIBlake2BConfig.pas"/>
        <DCCReference Include="additionalUnits\CryptoLib\src\Interfaces\IBlake2BConfigurations\HlpIBlake2BTreeConfig.pas"/>
        <DCCReference Include="additionalUnits\CryptoLib\src\Interfaces\IBlake2SConfigurations\HlpIBlake2SConfig.pas"/>
        <DCCReference Include="additionalUnits\CryptoLib\src\Interfaces\IBlake2SConfigurations\HlpIBlake2STreeConfig.pas"/>
        <DCCReference Include="additionalUnits\CryptoLib\src\KDF\HlpPBKDF2_HMACNotBuildInAdapter.pas"/>
        <DCCReference Include="additionalUnits\CryptoLib\src\Nullable\HlpNullable.pas"/>
        <DCCReference Include="additionalUnits\CryptoLib\src\Utils\HlpConverters.pas"/>
        <DCCReference Include="additionalUnits\CryptoLib\src\Utils\HlpBitConverter.pas"/>
        <DCCReference Include="additionalUnits\CryptoLib\src\Utils\HlpBits.pas"/>
        <DCCReference Include="additionalUnits\CryptoLib\src\Utils\HlpHashLibTypes.pas"/>
        <DCCReference Include="additionalUnits\CryptoLib\src\Bases\SbpBase16.pas"/>
        <DCCReference Include="additionalUnits\CryptoLib\src\Bases\SbpBase32.pas"/>
        <DCCReference Include="additionalUnits\CryptoLib\src\Bases\SbpBase32Alphabet.pas"/>
        <DCCReference Include="additionalUnits\CryptoLib\src\Bases\SbpBase58.pas"/>
        <DCCReference Include="additionalUnits\CryptoLib\src\Bases\SbpBase58Alphabet.pas"/>
        <DCCReference Include="additionalUnits\CryptoLib\src\Bases\SbpBase64.pas"/>
        <DCCReference Include="additionalUnits\CryptoLib\src\Bases\SbpBase64Alphabet.pas"/>
        <DCCReference Include="additionalUnits\CryptoLib\src\Bases\SbpBase85.pas"/>
        <DCCReference Include="additionalUnits\CryptoLib\src\Bases\SbpBase85Alphabet.pas"/>
        <DCCReference Include="additionalUnits\CryptoLib\src\Bases\SbpEncodingAlphabet.pas"/>
        <DCCReference Include="additionalUnits\CryptoLib\src\Interfaces\SbpIBase32.pas"/>
        <DCCReference Include="additionalUnits\CryptoLib\src\Interfaces\SbpIBase32Alphabet.pas"/>
        <DCCReference Include="additionalUnits\CryptoLib\src\Interfaces\SbpIBase58.pas"/>
        <DCCReference Include="additionalUnits\CryptoLib\src\Interfaces\SbpIBase58Alphabet.pas"/>
        <DCCReference Include="additionalUnits\CryptoLib\src\Interfaces\SbpIBase64.pas"/>
        <DCCReference Include="additionalUnits\CryptoLib\src\Interfaces\SbpIBase64Alphabet.pas"/>
        <DCCReference Include="additionalUnits\CryptoLib\src\Interfaces\SbpIBase85.pas"/>
        <DCCReference Include="additionalUnits\CryptoLib\src\Interfaces\SbpIBase85Alphabet.pas"/>
        <DCCReference Include="additionalUnits\CryptoLib\src\Interfaces\SbpIEncodingAlphabet.pas"/>
        <DCCReference Include="additionalUnits\CryptoLib\src\Utils\SbpBits.pas"/>
        <DCCReference Include="additionalUnits\CryptoLib\src\Utils\SbpSimpleBaseLibTypes.pas"/>
        <DCCReference Include="additionalUnits\CryptoLib\src\Utils\SbpUtilities.pas"/>
        <BuildConfiguration Include="Release">
            <Key>Cfg_2</Key>
            <CfgParent>Base</CfgParent>
        </BuildConfiguration>
        <BuildConfiguration Include="Base">
            <Key>Base</Key>
        </BuildConfiguration>
        <BuildConfiguration Include="Debug">
            <Key>Cfg_1</Key>
            <CfgParent>Base</CfgParent>
        </BuildConfiguration>
    </ItemGroup>
    <ProjectExtensions>
        <Borland.Personality>Delphi.Personality.12</Borland.Personality>
        <Borland.ProjectType>Package</Borland.ProjectType>
        <BorlandProject>
            <Delphi.Personality>
                <Source>
                    <Source Name="MainSource">CryptoLib.dpk</Source>
                </Source>
                <Excluded_Packages>
                    <Excluded_Packages Name="$(BDSBIN)\dclBindCompFireDAC250.bpl">LiveBinding Expression Components FireDac</Excluded_Packages>
                    <Excluded_Packages Name="$(BDSBIN)\dclbindcomp250.bpl">Embarcadero LiveBindings Components</Excluded_Packages>
                    <Excluded_Packages Name="$(BDSBIN)\dclbindcompvcl250.bpl">Embarcadero LiveBindings Components VCL</Excluded_Packages>
                    <Excluded_Packages Name="$(BDSBIN)\dclbindcompdbx250.bpl">LiveBindings Expression Components DbExpress</Excluded_Packages>
                    <Excluded_Packages Name="$(BDSBIN)\dclbindcompfmx250.bpl">Embarcadero LiveBindings Components FireMonkey</Excluded_Packages>
                    <Excluded_Packages Name="$(BDSBIN)\dcloffice2k250.bpl">Microsoft Office 2000 Sample Automation Server Wrapper Components</Excluded_Packages>
                    <Excluded_Packages Name="$(BDSBIN)\dclofficexp250.bpl">Microsoft Office XP Sample Automation Server Wrapper Components</Excluded_Packages>
                </Excluded_Packages>
            </Delphi.Personality>
            <Deployment Version="3">
                <DeployFile LocalName="$(BDS)\Redist\osx32\libcgunwind.1.0.dylib" Class="DependencyModule">
                    <Platform Name="OSX32">
                        <Overwrite>true</Overwrite>
                    </Platform>
                </DeployFile>
                <DeployFile LocalName="$(BDS)\Redist\osx64\libcgsqlite3.dylib" Class="DependencyModule">
                    <Platform Name="OSX64">
                        <Overwrite>true</Overwrite>
                    </Platform>
                </DeployFile>
                <DeployFile LocalName="$(BDS)\Redist\iossimulator\libPCRE.dylib" Class="DependencyModule">
                    <Platform Name="iOSSimulator">
                        <Overwrite>true</Overwrite>
                    </Platform>
                </DeployFile>
                <DeployFile LocalName="$(BDS)\Redist\iossimulator\libcgunwind.1.0.dylib" Class="DependencyModule">
                    <Platform Name="iOSSimulator">
                        <Overwrite>true</Overwrite>
                    </Platform>
                </DeployFile>
                <DeployFile LocalName="$(BDS)\Redist\iossimulator\libpcre.dylib" Class="DependencyModule">
                    <Platform Name="iOSSimulator">
                        <Overwrite>true</Overwrite>
                    </Platform>
                </DeployFile>
                <DeployFile LocalName="$(BDS)\Redist\osx32\libcgsqlite3.dylib" Class="DependencyModule">
                    <Platform Name="OSX32">
                        <Overwrite>true</Overwrite>
                    </Platform>
                </DeployFile>
                <DeployFile LocalName="..\..\..\..\Public\Documents\Embarcadero\Studio\19.0\Bpl\CryptoLib.bpl" Configuration="Debug" Class="ProjectOutput">
                    <Platform Name="Win32">
                        <RemoteName>CryptoLib.bpl</RemoteName>
                        <Overwrite>true</Overwrite>
                    </Platform>
                </DeployFile>
                <DeployClass Name="AdditionalDebugSymbols">
                    <Platform Name="OSX32">
                        <Operation>1</Operation>
                    </Platform>
                    <Platform Name="Win32">
                        <Operation>0</Operation>
                    </Platform>
                </DeployClass>
                <DeployClass Name="AndroidClassesDexFile">
                    <Platform Name="Android">
                        <RemoteDir>classes</RemoteDir>
                        <Operation>1</Operation>
                    </Platform>
                </DeployClass>
                <DeployClass Name="AndroidFileProvider">
                    <Platform Name="Android">
                        <RemoteDir>res\xml</RemoteDir>
                        <Operation>1</Operation>
                    </Platform>
                </DeployClass>
                <DeployClass Name="AndroidGDBServer">
                    <Platform Name="Android">
                        <RemoteDir>library\lib\armeabi-v7a</RemoteDir>
                        <Operation>1</Operation>
                    </Platform>
                </DeployClass>
                <DeployClass Name="AndroidLibnativeArmeabiFile">
                    <Platform Name="Android">
                        <RemoteDir>library\lib\armeabi</RemoteDir>
                        <Operation>1</Operation>
                    </Platform>
                </DeployClass>
                <DeployClass Name="AndroidLibnativeMipsFile">
                    <Platform Name="Android">
                        <RemoteDir>library\lib\mips</RemoteDir>
                        <Operation>1</Operation>
                    </Platform>
                </DeployClass>
                <DeployClass Name="AndroidServiceOutput">
                    <Platform Name="Android">
                        <RemoteDir>library\lib\armeabi-v7a</RemoteDir>
                        <Operation>1</Operation>
                    </Platform>
                </DeployClass>
                <DeployClass Name="AndroidSplashImageDef">
                    <Platform Name="Android">
                        <RemoteDir>res\drawable</RemoteDir>
                        <Operation>1</Operation>
                    </Platform>
                </DeployClass>
                <DeployClass Name="AndroidSplashStyles">
                    <Platform Name="Android">
                        <RemoteDir>res\values</RemoteDir>
                        <Operation>1</Operation>
                    </Platform>
                </DeployClass>
                <DeployClass Name="AndroidSplashStylesV21">
                    <Platform Name="Android">
                        <RemoteDir>res\values-v21</RemoteDir>
                        <Operation>1</Operation>
                    </Platform>
                </DeployClass>
                <DeployClass Name="Android_DefaultAppIcon">
                    <Platform Name="Android">
                        <RemoteDir>res\drawable</RemoteDir>
                        <Operation>1</Operation>
                    </Platform>
                </DeployClass>
                <DeployClass Name="Android_LauncherIcon144">
                    <Platform Name="Android">
                        <RemoteDir>res\drawable-xxhdpi</RemoteDir>
                        <Operation>1</Operation>
                    </Platform>
                </DeployClass>
                <DeployClass Name="Android_LauncherIcon36">
                    <Platform Name="Android">
                        <RemoteDir>res\drawable-ldpi</RemoteDir>
                        <Operation>1</Operation>
                    </Platform>
                </DeployClass>
                <DeployClass Name="Android_LauncherIcon48">
                    <Platform Name="Android">
                        <RemoteDir>res\drawable-mdpi</RemoteDir>
                        <Operation>1</Operation>
                    </Platform>
                </DeployClass>
                <DeployClass Name="Android_LauncherIcon72">
                    <Platform Name="Android">
                        <RemoteDir>res\drawable-hdpi</RemoteDir>
                        <Operation>1</Operation>
                    </Platform>
                </DeployClass>
                <DeployClass Name="Android_LauncherIcon96">
                    <Platform Name="Android">
                        <RemoteDir>res\drawable-xhdpi</RemoteDir>
                        <Operation>1</Operation>
                    </Platform>
                </DeployClass>
                <DeployClass Name="Android_SplashImage426">
                    <Platform Name="Android">
                        <RemoteDir>res\drawable-small</RemoteDir>
                        <Operation>1</Operation>
                    </Platform>
                </DeployClass>
                <DeployClass Name="Android_SplashImage470">
                    <Platform Name="Android">
                        <RemoteDir>res\drawable-normal</RemoteDir>
                        <Operation>1</Operation>
                    </Platform>
                </DeployClass>
                <DeployClass Name="Android_SplashImage640">
                    <Platform Name="Android">
                        <RemoteDir>res\drawable-large</RemoteDir>
                        <Operation>1</Operation>
                    </Platform>
                </DeployClass>
                <DeployClass Name="Android_SplashImage960">
                    <Platform Name="Android">
                        <RemoteDir>res\drawable-xlarge</RemoteDir>
                        <Operation>1</Operation>
                    </Platform>
                </DeployClass>
                <DeployClass Name="DebugSymbols">
                    <Platform Name="iOSSimulator">
                        <Operation>1</Operation>
                    </Platform>
                    <Platform Name="OSX32">
                        <Operation>1</Operation>
                    </Platform>
                    <Platform Name="Win32">
                        <Operation>0</Operation>
                    </Platform>
                </DeployClass>
                <DeployClass Name="DependencyFramework">
                    <Platform Name="OSX32">
                        <Operation>1</Operation>
                        <Extensions>.framework</Extensions>
                    </Platform>
                    <Platform Name="OSX64">
                        <Operation>1</Operation>
                        <Extensions>.framework</Extensions>
                    </Platform>
                    <Platform Name="Win32">
                        <Operation>0</Operation>
                    </Platform>
                </DeployClass>
                <DeployClass Name="DependencyModule">
                    <Platform Name="OSX32">
                        <Operation>1</Operation>
                        <Extensions>.dylib</Extensions>
                    </Platform>
                    <Platform Name="OSX64">
                        <Operation>1</Operation>
                        <Extensions>.dylib</Extensions>
                    </Platform>
                    <Platform Name="Win32">
                        <Operation>0</Operation>
                        <Extensions>.dll;.bpl</Extensions>
                    </Platform>
                </DeployClass>
                <DeployClass Required="true" Name="DependencyPackage">
                    <Platform Name="iOSDevice32">
                        <Operation>1</Operation>
                        <Extensions>.dylib</Extensions>
                    </Platform>
                    <Platform Name="iOSDevice64">
                        <Operation>1</Operation>
                        <Extensions>.dylib</Extensions>
                    </Platform>
                    <Platform Name="iOSSimulator">
                        <Operation>1</Operation>
                        <Extensions>.dylib</Extensions>
                    </Platform>
                    <Platform Name="OSX32">
                        <Operation>1</Operation>
                        <Extensions>.dylib</Extensions>
                    </Platform>
                    <Platform Name="OSX64">
                        <Operation>1</Operation>
                        <Extensions>.dylib</Extensions>
                    </Platform>
                    <Platform Name="Win32">
                        <Operation>0</Operation>
                        <Extensions>.bpl</Extensions>
                    </Platform>
                </DeployClass>
                <DeployClass Name="File">
                    <Platform Name="Android">
                        <Operation>0</Operation>
                    </Platform>
                    <Platform Name="iOSDevice32">
                        <Operation>0</Operation>
                    </Platform>
                    <Platform Name="iOSDevice64">
                        <Operation>0</Operation>
                    </Platform>
                    <Platform Name="iOSSimulator">
                        <Operation>0</Operation>
                    </Platform>
                    <Platform Name="OSX32">
                        <Operation>0</Operation>
                    </Platform>
                    <Platform Name="OSX64">
                        <Operation>0</Operation>
                    </Platform>
                    <Platform Name="Win32">
                        <Operation>0</Operation>
                    </Platform>
                </DeployClass>
                <DeployClass Name="iPad_Launch1024">
                    <Platform Name="iOSDevice32">
                        <Operation>1</Operation>
                    </Platform>
                    <Platform Name="iOSDevice64">
                        <Operation>1</Operation>
                    </Platform>
                    <Platform Name="iOSSimulator">
                        <Operation>1</Operation>
                    </Platform>
                </DeployClass>
                <DeployClass Name="iPad_Launch1536">
                    <Platform Name="iOSDevice32">
                        <Operation>1</Operation>
                    </Platform>
                    <Platform Name="iOSDevice64">
                        <Operation>1</Operation>
                    </Platform>
                    <Platform Name="iOSSimulator">
                        <Operation>1</Operation>
                    </Platform>
                </DeployClass>
                <DeployClass Name="iPad_Launch2048">
                    <Platform Name="iOSDevice32">
                        <Operation>1</Operation>
                    </Platform>
                    <Platform Name="iOSDevice64">
                        <Operation>1</Operation>
                    </Platform>
                    <Platform Name="iOSSimulator">
                        <Operation>1</Operation>
                    </Platform>
                </DeployClass>
                <DeployClass Name="iPad_Launch768">
                    <Platform Name="iOSDevice32">
                        <Operation>1</Operation>
                    </Platform>
                    <Platform Name="iOSDevice64">
                        <Operation>1</Operation>
                    </Platform>
                    <Platform Name="iOSSimulator">
                        <Operation>1</Operation>
                    </Platform>
                </DeployClass>
                <DeployClass Name="iPhone_Launch320">
                    <Platform Name="iOSDevice32">
                        <Operation>1</Operation>
                    </Platform>
                    <Platform Name="iOSDevice64">
                        <Operation>1</Operation>
                    </Platform>
                    <Platform Name="iOSSimulator">
                        <Operation>1</Operation>
                    </Platform>
                </DeployClass>
                <DeployClass Name="iPhone_Launch640">
                    <Platform Name="iOSDevice32">
                        <Operation>1</Operation>
                    </Platform>
                    <Platform Name="iOSDevice64">
                        <Operation>1</Operation>
                    </Platform>
                    <Platform Name="iOSSimulator">
                        <Operation>1</Operation>
                    </Platform>
                </DeployClass>
                <DeployClass Name="iPhone_Launch640x1136">
                    <Platform Name="iOSDevice32">
                        <Operation>1</Operation>
                    </Platform>
                    <Platform Name="iOSDevice64">
                        <Operation>1</Operation>
                    </Platform>
                    <Platform Name="iOSSimulator">
                        <Operation>1</Operation>
                    </Platform>
                </DeployClass>
                <DeployClass Name="ProjectAndroidManifest">
                    <Platform Name="Android">
                        <Operation>1</Operation>
                    </Platform>
                </DeployClass>
                <DeployClass Name="ProjectiOSDeviceDebug">
                    <Platform Name="iOSDevice32">
                        <RemoteDir>..\$(PROJECTNAME).app.dSYM\Contents\Resources\DWARF</RemoteDir>
                        <Operation>1</Operation>
                    </Platform>
                    <Platform Name="iOSDevice64">
                        <RemoteDir>..\$(PROJECTNAME).app.dSYM\Contents\Resources\DWARF</RemoteDir>
                        <Operation>1</Operation>
                    </Platform>
                </DeployClass>
                <DeployClass Name="ProjectiOSDeviceResourceRules"/>
                <DeployClass Name="ProjectiOSEntitlements"/>
                <DeployClass Name="ProjectiOSInfoPList"/>
                <DeployClass Name="ProjectiOSResource">
                    <Platform Name="iOSDevice32">
                        <Operation>1</Operation>
                    </Platform>
                    <Platform Name="iOSDevice64">
                        <Operation>1</Operation>
                    </Platform>
                    <Platform Name="iOSSimulator">
                        <Operation>1</Operation>
                    </Platform>
                </DeployClass>
                <DeployClass Name="ProjectOSXDebug"/>
                <DeployClass Name="ProjectOSXEntitlements"/>
                <DeployClass Name="ProjectOSXInfoPList"/>
                <DeployClass Name="ProjectOSXResource">
                    <Platform Name="OSX32">
                        <RemoteDir>Contents\Resources</RemoteDir>
                        <Operation>1</Operation>
                    </Platform>
                    <Platform Name="OSX64">
                        <RemoteDir>Contents\Resources</RemoteDir>
                        <Operation>1</Operation>
                    </Platform>
                </DeployClass>
                <DeployClass Required="true" Name="ProjectOutput">
                    <Platform Name="Android">
                        <RemoteDir>library\lib\armeabi-v7a</RemoteDir>
                        <Operation>1</Operation>
                    </Platform>
                    <Platform Name="iOSDevice32">
                        <Operation>1</Operation>
                    </Platform>
                    <Platform Name="iOSDevice64">
                        <Operation>1</Operation>
                    </Platform>
                    <Platform Name="iOSSimulator">
                        <Operation>1</Operation>
                    </Platform>
                    <Platform Name="Linux64">
                        <Operation>1</Operation>
                    </Platform>
                    <Platform Name="OSX32">
                        <Operation>1</Operation>
                    </Platform>
                    <Platform Name="OSX64">
                        <Operation>1</Operation>
                    </Platform>
                    <Platform Name="Win32">
                        <Operation>0</Operation>
                    </Platform>
                </DeployClass>
                <DeployClass Name="ProjectUWPManifest">
                    <Platform Name="Win32">
                        <Operation>1</Operation>
                    </Platform>
                    <Platform Name="Win64">
                        <Operation>1</Operation>
                    </Platform>
                </DeployClass>
                <DeployClass Name="UWP_DelphiLogo150">
                    <Platform Name="Win32">
                        <RemoteDir>Assets</RemoteDir>
                        <Operation>1</Operation>
                    </Platform>
                    <Platform Name="Win64">
                        <RemoteDir>Assets</RemoteDir>
                        <Operation>1</Operation>
                    </Platform>
                </DeployClass>
                <DeployClass Name="UWP_DelphiLogo44">
                    <Platform Name="Win32">
                        <RemoteDir>Assets</RemoteDir>
                        <Operation>1</Operation>
                    </Platform>
                    <Platform Name="Win64">
                        <RemoteDir>Assets</RemoteDir>
                        <Operation>1</Operation>
                    </Platform>
                </DeployClass>
                <ProjectRoot Platform="iOSDevice64" Name="$(PROJECTNAME).app"/>
                <ProjectRoot Platform="Win64" Name="$(PROJECTNAME)"/>
                <ProjectRoot Platform="iOSDevice32" Name="$(PROJECTNAME).app"/>
                <ProjectRoot Platform="Linux64" Name="$(PROJECTNAME)"/>
                <ProjectRoot Platform="Win32" Name="$(PROJECTNAME)"/>
                <ProjectRoot Platform="OSX32" Name="$(PROJECTNAME)"/>
                <ProjectRoot Platform="Android" Name="$(PROJECTNAME)"/>
                <ProjectRoot Platform="OSX64" Name="$(PROJECTNAME)"/>
                <ProjectRoot Platform="iOSSimulator" Name="$(PROJECTNAME).app"/>
            </Deployment>
            <Platforms>
                <Platform value="Android">True</Platform>
                <Platform value="iOSDevice32">False</Platform>
                <Platform value="iOSDevice64">True</Platform>
                <Platform value="iOSSimulator">False</Platform>
                <Platform value="Linux64">True</Platform>
                <Platform value="OSX32">False</Platform>
                <Platform value="Win32">True</Platform>
                <Platform value="Win64">True</Platform>
            </Platforms>
        </BorlandProject>
        <ProjectFileVersion>12</ProjectFileVersion>
    </ProjectExtensions>
    <Import Project="$(BDS)\Bin\CodeGear.Delphi.Targets" Condition="Exists('$(BDS)\Bin\CodeGear.Delphi.Targets')"/>
    <Import Project="$(APPDATA)\Embarcadero\$(BDSAPPDATABASEDIR)\$(PRODUCTVERSION)\UserTools.proj" Condition="Exists('$(APPDATA)\Embarcadero\$(BDSAPPDATABASEDIR)\$(PRODUCTVERSION)\UserTools.proj')"/>
    <Import Project="$(MSBuildProjectName).deployproj" Condition="Exists('$(MSBuildProjectName).deployproj')"/>
</Project>
