<Project xmlns="http://schemas.microsoft.com/developer/msbuild/2003">
    <PropertyGroup>
        <ProjectGuid>{D64EDA79-5216-4F48-A265-C79C463A2FBD}</ProjectGuid>
        <ProjectVersion>18.6</ProjectVersion>
        <FrameworkType>FMX</FrameworkType>
        <MainSource>hodler_rpc.dpr</MainSource>
        <Base>True</Base>
        <Config Condition="'$(Config)'==''">Release</Config>
        <Platform Condition="'$(Platform)'==''">Win32</Platform>
        <TargetedPlatforms>129</TargetedPlatforms>
        <AppType>Console</AppType>
    </PropertyGroup>
    <PropertyGroup Condition="'$(Config)'=='Base' or '$(Base)'!=''">
        <Base>true</Base>
    </PropertyGroup>
    <PropertyGroup Condition="('$(Platform)'=='Android' and '$(Base)'=='true') or '$(Base_Android)'!=''">
        <Base_Android>true</Base_Android>
        <CfgParent>Base</CfgParent>
        <Base>true</Base>
    </PropertyGroup>
    <PropertyGroup Condition="('$(Platform)'=='iOSDevice32' and '$(Base)'=='true') or '$(Base_iOSDevice32)'!=''">
        <Base_iOSDevice32>true</Base_iOSDevice32>
        <CfgParent>Base</CfgParent>
        <Base>true</Base>
    </PropertyGroup>
    <PropertyGroup Condition="('$(Platform)'=='iOSDevice64' and '$(Base)'=='true') or '$(Base_iOSDevice64)'!=''">
        <Base_iOSDevice64>true</Base_iOSDevice64>
        <CfgParent>Base</CfgParent>
        <Base>true</Base>
    </PropertyGroup>
    <PropertyGroup Condition="('$(Platform)'=='iOSSimulator' and '$(Base)'=='true') or '$(Base_iOSSimulator)'!=''">
        <Base_iOSSimulator>true</Base_iOSSimulator>
        <CfgParent>Base</CfgParent>
        <Base>true</Base>
    </PropertyGroup>
    <PropertyGroup Condition="('$(Platform)'=='Linux64' and '$(Base)'=='true') or '$(Base_Linux64)'!=''">
        <Base_Linux64>true</Base_Linux64>
        <CfgParent>Base</CfgParent>
        <Base>true</Base>
    </PropertyGroup>
    <PropertyGroup Condition="('$(Platform)'=='OSX32' and '$(Base)'=='true') or '$(Base_OSX32)'!=''">
        <Base_OSX32>true</Base_OSX32>
        <CfgParent>Base</CfgParent>
        <Base>true</Base>
    </PropertyGroup>
    <PropertyGroup Condition="('$(Platform)'=='Win32' and '$(Base)'=='true') or '$(Base_Win32)'!=''">
        <Base_Win32>true</Base_Win32>
        <CfgParent>Base</CfgParent>
        <Base>true</Base>
    </PropertyGroup>
    <PropertyGroup Condition="('$(Platform)'=='Win64' and '$(Base)'=='true') or '$(Base_Win64)'!=''">
        <Base_Win64>true</Base_Win64>
        <CfgParent>Base</CfgParent>
        <Base>true</Base>
    </PropertyGroup>
    <PropertyGroup Condition="'$(Config)'=='Debug' or '$(Cfg_1)'!=''">
        <Cfg_1>true</Cfg_1>
        <CfgParent>Base</CfgParent>
        <Base>true</Base>
    </PropertyGroup>
    <PropertyGroup Condition="('$(Platform)'=='Linux64' and '$(Cfg_1)'=='true') or '$(Cfg_1_Linux64)'!=''">
        <Cfg_1_Linux64>true</Cfg_1_Linux64>
        <CfgParent>Cfg_1</CfgParent>
        <Cfg_1>true</Cfg_1>
        <Base>true</Base>
    </PropertyGroup>
    <PropertyGroup Condition="('$(Platform)'=='Win32' and '$(Cfg_1)'=='true') or '$(Cfg_1_Win32)'!=''">
        <Cfg_1_Win32>true</Cfg_1_Win32>
        <CfgParent>Cfg_1</CfgParent>
        <Cfg_1>true</Cfg_1>
        <Base>true</Base>
    </PropertyGroup>
    <PropertyGroup Condition="'$(Config)'=='Release' or '$(Cfg_2)'!=''">
        <Cfg_2>true</Cfg_2>
        <CfgParent>Base</CfgParent>
        <Base>true</Base>
    </PropertyGroup>
    <PropertyGroup Condition="('$(Platform)'=='Linux64' and '$(Cfg_2)'=='true') or '$(Cfg_2_Linux64)'!=''">
        <Cfg_2_Linux64>true</Cfg_2_Linux64>
        <CfgParent>Cfg_2</CfgParent>
        <Cfg_2>true</Cfg_2>
        <Base>true</Base>
    </PropertyGroup>
    <PropertyGroup Condition="('$(Platform)'=='Win32' and '$(Cfg_2)'=='true') or '$(Cfg_2_Win32)'!=''">
        <Cfg_2_Win32>true</Cfg_2_Win32>
        <CfgParent>Cfg_2</CfgParent>
        <Cfg_2>true</Cfg_2>
        <Base>true</Base>
    </PropertyGroup>
    <PropertyGroup Condition="'$(Base)'!=''">
        <DCC_DcuOutput>.\$(Platform)\$(Config)</DCC_DcuOutput>
        <DCC_ExeOutput>.\$(Platform)\$(Config)</DCC_ExeOutput>
        <DCC_E>false</DCC_E>
        <DCC_N>false</DCC_N>
        <DCC_S>false</DCC_S>
        <DCC_F>false</DCC_F>
        <DCC_K>false</DCC_K>
        <DCC_Namespace>System;Xml;Data;Datasnap;Web;Soap;$(DCC_Namespace)</DCC_Namespace>
        <SanitizedProjectName>hodler_rpc</SanitizedProjectName>
        <OrientationPortrait>true</OrientationPortrait>
    </PropertyGroup>
    <PropertyGroup Condition="'$(Base_Android)'!=''">
        <DCC_UsePackage>DBXSqliteDriver;RESTComponents;DBXInterBaseDriver;emsclientfiredac;DataSnapFireDAC;tethering;bindcompfmx;FireDACIBDriver;fmx;FireDACDBXDriver;dbexpress;IndyCore;dsnap;DataSnapCommon;emsclient;FireDACCommon;RESTBackendComponents;soapserver;bindengine;CloudService;FireDACCommonDriver;DataSnapClient;inet;bindcompdbx;IndyIPCommon;IndyIPServer;IndySystem;fmxFireDAC;FireDAC;FireDACSqliteDriver;soaprtl;DbxCommonDriver;xmlrtl;soapmidas;DataSnapNativeClient;FireDACDSDriver;rtl;DbxClientDriver;CustomIPTransport;bindcomp;IndyIPClient;dbxcds;dsnapxml;DataSnapProviderClient;dbrtl;IndyProtocols;$(DCC_UsePackage)</DCC_UsePackage>
        <Android_LauncherIcon36>$(BDS)\bin\Artwork\Android\FM_LauncherIcon_36x36.png</Android_LauncherIcon36>
        <Android_LauncherIcon48>$(BDS)\bin\Artwork\Android\FM_LauncherIcon_48x48.png</Android_LauncherIcon48>
        <Android_LauncherIcon72>$(BDS)\bin\Artwork\Android\FM_LauncherIcon_72x72.png</Android_LauncherIcon72>
        <Android_LauncherIcon96>$(BDS)\bin\Artwork\Android\FM_LauncherIcon_96x96.png</Android_LauncherIcon96>
        <Android_LauncherIcon144>$(BDS)\bin\Artwork\Android\FM_LauncherIcon_144x144.png</Android_LauncherIcon144>
        <Android_SplashImage426>$(BDS)\bin\Artwork\Android\FM_SplashImage_426x320.png</Android_SplashImage426>
        <Android_SplashImage470>$(BDS)\bin\Artwork\Android\FM_SplashImage_470x320.png</Android_SplashImage470>
        <Android_SplashImage640>$(BDS)\bin\Artwork\Android\FM_SplashImage_640x480.png</Android_SplashImage640>
        <Android_SplashImage960>$(BDS)\bin\Artwork\Android\FM_SplashImage_960x720.png</Android_SplashImage960>
        <EnabledSysJars>android-support-v4.dex.jar;cloud-messaging.dex.jar;fmx.dex.jar;google-analytics-v2.dex.jar;google-play-billing.dex.jar;google-play-licensing.dex.jar;google-play-services-ads-7.0.0.dex.jar;google-play-services-analytics-7.0.0.dex.jar;google-play-services-base-7.0.0.dex.jar;google-play-services-gcm-7.0.0.dex.jar;google-play-services-identity-7.0.0.dex.jar;google-play-services-maps-7.0.0.dex.jar;google-play-services-panorama-7.0.0.dex.jar;google-play-services-plus-7.0.0.dex.jar;google-play-services-wallet-7.0.0.dex.jar</EnabledSysJars>
    </PropertyGroup>
    <PropertyGroup Condition="'$(Base_iOSDevice32)'!=''">
        <DCC_UsePackage>DBXSqliteDriver;RESTComponents;DBXInterBaseDriver;emsclientfiredac;DataSnapFireDAC;tethering;bindcompfmx;FireDACIBDriver;fmx;FireDACDBXDriver;dbexpress;IndyCore;dsnap;DataSnapCommon;emsclient;FireDACCommon;RESTBackendComponents;soapserver;bindengine;CloudService;FireDACCommonDriver;DataSnapClient;inet;bindcompdbx;IndyIPCommon;IndyIPServer;IndySystem;fmxFireDAC;FireDAC;FireDACSqliteDriver;soaprtl;DbxCommonDriver;xmlrtl;soapmidas;DataSnapNativeClient;FireDACDSDriver;rtl;DbxClientDriver;CustomIPTransport;bindcomp;IndyIPClient;dbxcds;dsnapxml;DataSnapProviderClient;dbrtl;IndyProtocols;fmxase;$(DCC_UsePackage)</DCC_UsePackage>
    </PropertyGroup>
    <PropertyGroup Condition="'$(Base_iOSDevice64)'!=''">
        <DCC_UsePackage>DBXSqliteDriver;RESTComponents;DBXInterBaseDriver;emsclientfiredac;DataSnapFireDAC;tethering;bindcompfmx;FireDACIBDriver;fmx;FireDACDBXDriver;dbexpress;IndyCore;dsnap;DataSnapCommon;emsclient;FireDACCommon;RESTBackendComponents;soapserver;bindengine;CloudService;FireDACCommonDriver;DataSnapClient;inet;bindcompdbx;IndyIPCommon;IndyIPServer;IndySystem;fmxFireDAC;FireDAC;FireDACSqliteDriver;soaprtl;DbxCommonDriver;xmlrtl;soapmidas;DataSnapNativeClient;FireDACDSDriver;rtl;DbxClientDriver;CustomIPTransport;bindcomp;IndyIPClient;dbxcds;dsnapxml;DataSnapProviderClient;dbrtl;IndyProtocols;fmxase;$(DCC_UsePackage)</DCC_UsePackage>
    </PropertyGroup>
    <PropertyGroup Condition="'$(Base_iOSSimulator)'!=''">
        <DCC_UsePackage>DBXSqliteDriver;RESTComponents;DBXInterBaseDriver;emsclientfiredac;DataSnapFireDAC;tethering;bindcompfmx;FireDACIBDriver;fmx;FireDACDBXDriver;dbexpress;IndyCore;dsnap;DataSnapCommon;emsclient;FireDACCommon;RESTBackendComponents;soapserver;bindengine;CloudService;FireDACCommonDriver;DataSnapClient;inet;bindcompdbx;IndyIPCommon;IndyIPServer;IndySystem;fmxFireDAC;FireDAC;FireDACSqliteDriver;soaprtl;DbxCommonDriver;xmlrtl;soapmidas;DataSnapNativeClient;FireDACDSDriver;rtl;DbxClientDriver;CustomIPTransport;bindcomp;IndyIPClient;dbxcds;dsnapxml;DataSnapProviderClient;dbrtl;IndyProtocols;fmxase;$(DCC_UsePackage)</DCC_UsePackage>
    </PropertyGroup>
    <PropertyGroup Condition="'$(Base_Linux64)'!=''">
        <DCC_UsePackage>RESTComponents;DataSnapServerMidas;emsclientfiredac;DataSnapFireDAC;FireDACADSDriver;DatasnapConnectorsFreePascal;FireDACMSSQLDriver;inetdb;emsedge;FireDACIBDriver;dbexpress;IndyCore;dsnap;DataSnapCommon;emsclient;FireDACCommon;RESTBackendComponents;DataSnapConnectors;soapserver;bindengine;FireDACOracleDriver;CloudService;FireDACMySQLDriver;FireDACCommonODBC;FireDACCommonDriver;DataSnapClient;inet;IndySystem;FireDACDb2Driver;FireDACInfxDriver;FireDAC;emshosting;FireDACSqliteDriver;FireDACPgDriver;FireDACASADriver;FireDACTDataDriver;soaprtl;DbxCommonDriver;DataSnapServer;xmlrtl;soapmidas;DataSnapNativeClient;rtl;emsserverresource;DbxClientDriver;CustomIPTransport;bindcomp;dbxcds;FireDACODBCDriver;DataSnapIndy10ServerTransport;dsnapxml;dbrtl;FireDACMongoDBDriver;IndyProtocols;$(DCC_UsePackage)</DCC_UsePackage>
        <DCC_UnitSearchPath>$(fmxlinux)\Lib\$(ProductVersion)\$(Config);$(DCC_UnitSearchPath)</DCC_UnitSearchPath>
    </PropertyGroup>
    <PropertyGroup Condition="'$(Base_OSX32)'!=''">
        <DCC_UsePackage>DBXSqliteDriver;RESTComponents;DataSnapServerMidas;DBXInterBaseDriver;emsclientfiredac;DataSnapFireDAC;tethering;FireDACMSSQLDriver;bindcompfmx;DBXOracleDriver;inetdb;FireDACIBDriver;fmx;fmxdae;FireDACDBXDriver;dbexpress;IndyCore;dsnap;DataSnapCommon;emsclient;FireDACCommon;RESTBackendComponents;soapserver;bindengine;DBXMySQLDriver;FireDACOracleDriver;CloudService;FireDACMySQLDriver;DBXFirebirdDriver;FireDACCommonODBC;FireDACCommonDriver;DataSnapClient;inet;bindcompdbx;IndyIPCommon;IndyIPServer;IndySystem;fmxFireDAC;FireDAC;FireDACSqliteDriver;FireDACPgDriver;FireDACASADriver;FireDACTDataDriver;soaprtl;DbxCommonDriver;DataSnapServer;xmlrtl;soapmidas;DataSnapNativeClient;fmxobj;FireDACDSDriver;rtl;DbxClientDriver;DBXSybaseASADriver;CustomIPTransport;bindcomp;DBXInformixDriver;IndyIPClient;dbxcds;FireDACODBCDriver;DataSnapIndy10ServerTransport;dsnapxml;DataSnapProviderClient;dbrtl;inetdbxpress;FireDACMongoDBDriver;IndyProtocols;fmxase;$(DCC_UsePackage)</DCC_UsePackage>
        <DCC_ConsoleTarget>true</DCC_ConsoleTarget>
    </PropertyGroup>
    <PropertyGroup Condition="'$(Base_Win32)'!=''">
        <DCC_UsePackage>DBXSqliteDriver;RESTComponents;DataSnapServerMidas;DBXDb2Driver;DBXInterBaseDriver;vclactnband;vclFireDAC;emsclientfiredac;DataSnapFireDAC;svnui;tethering;FireDACADSDriver;DBXMSSQLDriver;DatasnapConnectorsFreePascal;FireDACMSSQLDriver;vcltouch;vcldb;bindcompfmx;svn;DBXOracleDriver;inetdb;CEF4Delphi;emsedge;FireDACIBDriver;fmx;fmxdae;FireDACDBXDriver;dbexpress;IndyCore;vclx;dsnap;DataSnapCommon;emsclient;FireDACCommon;RESTBackendComponents;DataSnapConnectors;VCLRESTComponents;soapserver;vclie;bindengine;DBXMySQLDriver;FireDACOracleDriver;CloudService;FireDACMySQLDriver;DBXFirebirdDriver;FireDACCommonODBC;FireDACCommonDriver;DataSnapClient;inet;bindcompdbx;IndyIPCommon;vcl;IndyIPServer;DBXSybaseASEDriver;IndySystem;FireDACDb2Driver;dsnapcon;FireDACMSAccDriver;fmxFireDAC;FireDACInfxDriver;vclimg;FireDAC;emshosting;FireDACSqliteDriver;FireDACPgDriver;FireDACASADriver;FireDACTDataDriver;DBXOdbcDriver;soaprtl;DbxCommonDriver;DataSnapServer;xmlrtl;soapmidas;DataSnapNativeClient;fmxobj;vclwinx;FireDACDSDriver;rtl;emsserverresource;DbxClientDriver;DBXSybaseASADriver;CustomIPTransport;vcldsnap;bindcomp;appanalytics;DBXInformixDriver;IndyIPClient;bindcompvcl;vclribbon;dbxcds;VclSmp;adortl;FireDACODBCDriver;DataSnapIndy10ServerTransport;dsnapxml;DataSnapProviderClient;dbrtl;inetdbxpress;FireDACMongoDBDriver;IndyProtocols;fmxase;$(DCC_UsePackage)</DCC_UsePackage>
        <DCC_Namespace>Winapi;System.Win;Data.Win;Datasnap.Win;Web.Win;Soap.Win;Xml.Win;Bde;$(DCC_Namespace)</DCC_Namespace>
        <BT_BuildType>Debug</BT_BuildType>
        <VerInfo_Keys>CompanyName=;FileDescription=$(MSBuildProjectName);FileVersion=1.0.0.0;InternalName=;LegalCopyright=;LegalTrademarks=;OriginalFilename=;ProgramID=com.embarcadero.$(MSBuildProjectName);ProductName=$(MSBuildProjectName);ProductVersion=1.0.0.0;Comments=</VerInfo_Keys>
        <VerInfo_Locale>1033</VerInfo_Locale>
        <DCC_ConsoleTarget>true</DCC_ConsoleTarget>
        <UWP_DelphiLogo44>$(BDS)\bin\Artwork\Windows\UWP\delphi_UwpDefault_44.png</UWP_DelphiLogo44>
        <UWP_DelphiLogo150>$(BDS)\bin\Artwork\Windows\UWP\delphi_UwpDefault_150.png</UWP_DelphiLogo150>
    </PropertyGroup>
    <PropertyGroup Condition="'$(Base_Win64)'!=''">
        <DCC_UsePackage>DBXSqliteDriver;RESTComponents;DataSnapServerMidas;DBXDb2Driver;DBXInterBaseDriver;vclactnband;vclFireDAC;emsclientfiredac;DataSnapFireDAC;tethering;FireDACADSDriver;DBXMSSQLDriver;DatasnapConnectorsFreePascal;FireDACMSSQLDriver;vcltouch;vcldb;bindcompfmx;DBXOracleDriver;inetdb;emsedge;FireDACIBDriver;fmx;fmxdae;FireDACDBXDriver;dbexpress;IndyCore;vclx;dsnap;DataSnapCommon;emsclient;FireDACCommon;RESTBackendComponents;DataSnapConnectors;VCLRESTComponents;soapserver;vclie;bindengine;DBXMySQLDriver;FireDACOracleDriver;CloudService;FireDACMySQLDriver;DBXFirebirdDriver;FireDACCommonODBC;FireDACCommonDriver;DataSnapClient;inet;bindcompdbx;IndyIPCommon;vcl;IndyIPServer;DBXSybaseASEDriver;IndySystem;FireDACDb2Driver;dsnapcon;FireDACMSAccDriver;fmxFireDAC;FireDACInfxDriver;vclimg;FireDAC;emshosting;FireDACSqliteDriver;FireDACPgDriver;FireDACASADriver;FireDACTDataDriver;DBXOdbcDriver;soaprtl;DbxCommonDriver;DataSnapServer;xmlrtl;soapmidas;DataSnapNativeClient;fmxobj;vclwinx;FireDACDSDriver;rtl;emsserverresource;DbxClientDriver;DBXSybaseASADriver;CustomIPTransport;vcldsnap;bindcomp;appanalytics;DBXInformixDriver;IndyIPClient;bindcompvcl;vclribbon;dbxcds;VclSmp;adortl;FireDACODBCDriver;DataSnapIndy10ServerTransport;dsnapxml;DataSnapProviderClient;dbrtl;inetdbxpress;FireDACMongoDBDriver;IndyProtocols;fmxase;$(DCC_UsePackage)</DCC_UsePackage>
        <DCC_ConsoleTarget>true</DCC_ConsoleTarget>
        <UWP_DelphiLogo44>$(BDS)\bin\Artwork\Windows\UWP\delphi_UwpDefault_44.png</UWP_DelphiLogo44>
        <UWP_DelphiLogo150>$(BDS)\bin\Artwork\Windows\UWP\delphi_UwpDefault_150.png</UWP_DelphiLogo150>
    </PropertyGroup>
    <PropertyGroup Condition="'$(Cfg_1)'!=''">
        <DCC_Define>DEBUG;$(DCC_Define)</DCC_Define>
        <DCC_DebugDCUs>true</DCC_DebugDCUs>
        <DCC_Optimize>false</DCC_Optimize>
        <DCC_GenerateStackFrames>true</DCC_GenerateStackFrames>
        <DCC_DebugInfoInExe>true</DCC_DebugInfoInExe>
        <DCC_RemoteDebug>true</DCC_RemoteDebug>
    </PropertyGroup>
    <PropertyGroup Condition="'$(Cfg_1_Linux64)'!=''">
        <DCC_UnitSearchPath>C:\HODLER\tmssoftware\TMS Cryptography Pack;C:\HODLER\tmssoftware\TMS Cryptography Pack\libLinux;C:\HODLER\RPC\CryptoLib_output\Linux64\Release;$(DCC_UnitSearchPath)</DCC_UnitSearchPath>
        <Debugger_Launcher>/usr/bin/xterm -e &quot;%debuggee%&quot;</Debugger_Launcher>
        <Manifest_File>(None)</Manifest_File>
    </PropertyGroup>
    <PropertyGroup Condition="'$(Cfg_1_Win32)'!=''">
        <DCC_RemoteDebug>false</DCC_RemoteDebug>
    </PropertyGroup>
    <PropertyGroup Condition="'$(Cfg_2)'!=''">
        <DCC_LocalDebugSymbols>false</DCC_LocalDebugSymbols>
        <DCC_Define>RELEASE;$(DCC_Define)</DCC_Define>
        <DCC_SymbolReferenceInfo>0</DCC_SymbolReferenceInfo>
        <DCC_DebugInformation>0</DCC_DebugInformation>
    </PropertyGroup>
    <PropertyGroup Condition="'$(Cfg_2_Linux64)'!=''">
        <Debugger_Launcher>/usr/bin/xterm -e &quot;%debuggee%&quot;</Debugger_Launcher>
        <Manifest_File>(None)</Manifest_File>
        <DCC_UnitSearchPath>C:\HODLER\tmssoftware\TMS Cryptography Pack;C:\HODLER\tmssoftware\TMS Cryptography Pack\libLinux;C:\HODLER\RPC\CryptoLib_output\Linux64\Release;$(DCC_UnitSearchPath)</DCC_UnitSearchPath>
    </PropertyGroup>
    <PropertyGroup Condition="'$(Cfg_2_Win32)'!=''">
        <DCC_UnitSearchPath>C:\HODLER\RPC\CryptoLib_output\Win32\Release;C:\HODLER\tmssoftware\TMS Cryptography Pack\libWin32;C:\HODLER\tmssoftware\TMS Cryptography Pack;$(DCC_UnitSearchPath)</DCC_UnitSearchPath>
        <VerInfo_Locale>1033</VerInfo_Locale>
        <Manifest_File>(None)</Manifest_File>
    </PropertyGroup>
    <ItemGroup>
        <DelphiCompile Include="$(MainSource)">
            <MainSource>MainSource</MainSource>
        </DelphiCompile>
        <DCCReference Include="homeWindows\uHome.pas">
            <Form>frmHome</Form>
        </DCCReference>
        <DCCReference Include="additionalUnits\misc.pas"/>
        <DCCReference Include="additionalUnits\base58.pas"/>
        <DCCReference Include="coinCode\secp256k1.pas"/>
        <DCCReference Include="coinCode\Bitcoin.pas"/>
        <DCCReference Include="additionalUnits\ZXING\Lib\Classes\1D Barcodes\ZXing.OneD.Code93Reader.pas"/>
        <DCCReference Include="additionalUnits\ZXING\Lib\Classes\1D Barcodes\ZXing.OneD.Code128Reader.pas"/>
        <DCCReference Include="additionalUnits\ZXING\Lib\Classes\1D Barcodes\ZXing.OneD.EAN13Reader.pas"/>
        <DCCReference Include="additionalUnits\ZXING\Lib\Classes\1D Barcodes\ZXing.OneD.EANManufacturerOrgSupport.pas"/>
        <DCCReference Include="additionalUnits\ZXING\Lib\Classes\1D Barcodes\ZXing.OneD.ITFReader.pas"/>
        <DCCReference Include="additionalUnits\ZXING\Lib\Classes\1D Barcodes\ZXing.OneD.OneDReader.pas"/>
        <DCCReference Include="additionalUnits\ZXING\Lib\Classes\1D Barcodes\ZXing.OneD.UPCEANExtension2Support.pas"/>
        <DCCReference Include="additionalUnits\ZXING\Lib\Classes\1D Barcodes\ZXing.OneD.UPCEANExtension5Support.pas"/>
        <DCCReference Include="additionalUnits\ZXING\Lib\Classes\1D Barcodes\ZXing.OneD.UPCEANExtensionSupport.pas"/>
        <DCCReference Include="additionalUnits\ZXING\Lib\Classes\1D Barcodes\ZXing.OneD.UPCEANReader.pas"/>
        <DCCReference Include="additionalUnits\ZXING\Lib\Classes\2D Barcodes\ZXing.QrCode.QRCodeReader.pas"/>
        <DCCReference Include="additionalUnits\ZXING\Lib\Classes\2D Barcodes\ZXing.Datamatrix.DataMatrixReader.pas"/>
        <DCCReference Include="additionalUnits\ZXING\Lib\Classes\2D Barcodes\Decoder\ZXing.QrCode.Internal.DataBlock.pas"/>
        <DCCReference Include="additionalUnits\ZXING\Lib\Classes\2D Barcodes\Decoder\ZXing.QrCode.Internal.DataMask.pas"/>
        <DCCReference Include="additionalUnits\ZXING\Lib\Classes\2D Barcodes\Decoder\ZXing.QrCode.Internal.DecodedBitStreamParser.pas"/>
        <DCCReference Include="additionalUnits\ZXING\Lib\Classes\2D Barcodes\Decoder\ZXing.QrCode.Internal.Decoder.pas"/>
        <DCCReference Include="additionalUnits\ZXING\Lib\Classes\2D Barcodes\Decoder\ZXing.QrCode.Internal.ErrorCorrectionLevel.pas"/>
        <DCCReference Include="additionalUnits\ZXING\Lib\Classes\2D Barcodes\Decoder\ZXing.QrCode.Internal.FormatInformation.pas"/>
        <DCCReference Include="additionalUnits\ZXING\Lib\Classes\2D Barcodes\Decoder\ZXing.QrCode.Internal.Mode.pas"/>
        <DCCReference Include="additionalUnits\ZXING\Lib\Classes\2D Barcodes\Decoder\ZXing.QrCode.Internal.QRCodeDecoderMetaData.pas"/>
        <DCCReference Include="additionalUnits\ZXING\Lib\Classes\2D Barcodes\Decoder\ZXing.QrCode.Internal.Version.pas"/>
        <DCCReference Include="additionalUnits\ZXING\Lib\Classes\2D Barcodes\Decoder\ZXing.Datamatrix.Internal.BitMatrixParser.pas"/>
        <DCCReference Include="additionalUnits\ZXING\Lib\Classes\2D Barcodes\Decoder\ZXing.Datamatrix.Internal.DataBlock.pas"/>
        <DCCReference Include="additionalUnits\ZXING\Lib\Classes\2D Barcodes\Decoder\ZXing.Datamatrix.Internal.DecodedBitStreamParser.pas"/>
        <DCCReference Include="additionalUnits\ZXING\Lib\Classes\2D Barcodes\Decoder\ZXing.Datamatrix.Internal.Decoder.pas"/>
        <DCCReference Include="additionalUnits\ZXING\Lib\Classes\2D Barcodes\Decoder\ZXing.Datamatrix.Internal.Version.pas"/>
        <DCCReference Include="additionalUnits\ZXING\Lib\Classes\2D Barcodes\Decoder\ZXing.QrCode.Internal.BitMatrixParser.pas"/>
        <DCCReference Include="additionalUnits\ZXING\Lib\Classes\2D Barcodes\Detector\ZXing.QrCode.Internal.AlignmentPattern.pas"/>
        <DCCReference Include="additionalUnits\ZXING\Lib\Classes\2D Barcodes\Detector\ZXing.QrCode.Internal.AlignmentPatternFinder.pas"/>
        <DCCReference Include="additionalUnits\ZXING\Lib\Classes\2D Barcodes\Detector\ZXing.QrCode.Internal.Detector.pas"/>
        <DCCReference Include="additionalUnits\ZXING\Lib\Classes\2D Barcodes\Detector\ZXing.QrCode.Internal.FinderPattern.pas"/>
        <DCCReference Include="additionalUnits\ZXING\Lib\Classes\2D Barcodes\Detector\ZXing.QrCode.Internal.FinderPatternFinder.pas"/>
        <DCCReference Include="additionalUnits\ZXING\Lib\Classes\2D Barcodes\Detector\ZXing.QrCode.Internal.FinderPatternInfo.pas"/>
        <DCCReference Include="additionalUnits\ZXING\Lib\Classes\2D Barcodes\Detector\ZXing.Datamatrix.Internal.Detector.pas"/>
        <DCCReference Include="additionalUnits\ZXING\Lib\Classes\Common\ZXing.DecoderResult.pas"/>
        <DCCReference Include="additionalUnits\ZXING\Lib\Classes\Common\ZXing.DefaultGridSampler.pas"/>
        <DCCReference Include="additionalUnits\ZXING\Lib\Classes\Common\ZXing.Helpers.pas"/>
        <DCCReference Include="additionalUnits\ZXING\Lib\Classes\Common\ZXing.MultiFormatReader.pas"/>
        <DCCReference Include="additionalUnits\ZXING\Lib\Classes\Common\ZXing.ResultMetadataType.pas"/>
        <DCCReference Include="additionalUnits\ZXING\Lib\Classes\Common\ZXing.StringUtils.pas"/>
        <DCCReference Include="additionalUnits\ZXING\Lib\Classes\Common\ZXing.BarcodeFormat.pas"/>
        <DCCReference Include="additionalUnits\ZXING\Lib\Classes\Common\ZXing.Common.BitArray.pas"/>
        <DCCReference Include="additionalUnits\ZXING\Lib\Classes\Common\ZXing.Common.BitMatrix.pas"/>
        <DCCReference Include="additionalUnits\ZXING\Lib\Classes\Common\ZXing.Common.DetectorResult.pas"/>
        <DCCReference Include="additionalUnits\ZXING\Lib\Classes\Common\ZXing.Common.GridSampler.pas"/>
        <DCCReference Include="additionalUnits\ZXING\Lib\Classes\Common\ZXing.Common.PerspectiveTransform.pas"/>
        <DCCReference Include="additionalUnits\ZXING\Lib\Classes\Common\ZXing.EncodeHintType.pas"/>
        <DCCReference Include="additionalUnits\ZXING\Lib\Classes\Common\ZXing.Reader.pas"/>
        <DCCReference Include="additionalUnits\ZXING\Lib\Classes\Common\ZXing.ReadResult.pas"/>
        <DCCReference Include="additionalUnits\ZXING\Lib\Classes\Common\ZXing.ResultPoint.pas"/>
        <DCCReference Include="additionalUnits\ZXING\Lib\Classes\Common\Detector\ZXing.Common.Detector.MathUtils.pas"/>
        <DCCReference Include="additionalUnits\ZXING\Lib\Classes\Common\Detector\ZXing.Common.Detector.WhiteRectangleDetector.pas"/>
        <DCCReference Include="additionalUnits\ZXING\Lib\Classes\Common\ReedSolomon\ZXing.Common.ReedSolomon.GenericGF.pas"/>
        <DCCReference Include="additionalUnits\ZXING\Lib\Classes\Common\ReedSolomon\ZXing.Common.ReedSolomon.ReedSolomonDecoder.pas"/>
        <DCCReference Include="additionalUnits\ZXING\Lib\Classes\Common\ZXing.BitSource.pas"/>
        <DCCReference Include="additionalUnits\ZXING\Lib\Classes\Common\ZXing.CharacterSetECI.pas"/>
        <DCCReference Include="additionalUnits\ZXING\Lib\Classes\Common\ZXing.DecodeHintType.pas"/>
        <DCCReference Include="additionalUnits\ZXING\Lib\Classes\Filtering\ZXing.Binarizer.pas"/>
        <DCCReference Include="additionalUnits\ZXING\Lib\Classes\Filtering\ZXing.BinaryBitmap.pas"/>
        <DCCReference Include="additionalUnits\ZXING\Lib\Classes\Filtering\ZXing.GlobalHistogramBinarizer.pas"/>
        <DCCReference Include="additionalUnits\ZXING\Lib\Classes\Filtering\ZXing.HybridBinarizer.pas"/>
        <DCCReference Include="additionalUnits\ZXING\Lib\Classes\Filtering\ZXing.BaseLuminanceSource.pas"/>
        <DCCReference Include="additionalUnits\ZXING\Lib\Classes\Filtering\ZXing.InvertedLuminanceSource.pas"/>
        <DCCReference Include="additionalUnits\ZXING\Lib\Classes\Filtering\ZXing.LuminanceSource.pas"/>
        <DCCReference Include="additionalUnits\ZXING\Lib\Classes\Filtering\ZXing.PlanarYUVLuminanceSource.pas"/>
        <DCCReference Include="additionalUnits\ZXING\Lib\Classes\Filtering\ZXing.RGBLuminanceSource.pas"/>
        <DCCReference Include="additionalUnits\ZXING\Lib\Classes\ZXing.ScanManager.pas"/>
        <DCCReference Include="additionalUnits\ZXING\Lib\Classes\Common\ZXing.Common.BitArrayImplementation.pas"/>
        <DCCReference Include="additionalUnits\ZXING\Lib\Classes\Common\ZXing.ResultPointImplementation.pas"/>
        <DCCReference Include="additionalUnits\ZXING\Lib\Classes\2D Barcodes\Detector\ZXing.QrCode.Internal.AlignmentPatternImplementation.pas"/>
        <DCCReference Include="additionalUnits\ZXING\Lib\Classes\2D Barcodes\Detector\ZXing.QrCode.Internal.FinderPatternImplementation.pas"/>
        <DCCReference Include="additionalUnits\ZXING\Lib\Classes\Common\ZXIng.ByteSegments.pas"/>
        <DCCReference Include="additionalUnits\ZXING\Lib\Classes\1D Barcodes\ZXing.OneD.EAN8Reader.pas"/>
        <DCCReference Include="additionalUnits\ZXING\Lib\Classes\1D Barcodes\ZXing.OneD.UPCAReader.pas"/>
        <DCCReference Include="additionalUnits\ZXING\Lib\Classes\1D Barcodes\ZXing.OneD.UPCEReader.pas"/>
        <DCCReference Include="additionalUnits\ZXING\Lib\Classes\1D Barcodes\ZXing.OneD.Code39Reader.pas"/>
        <DCCReference Include="additionalUnits\ZXING\DelphiZXIngQRCode.pas"/>
        <DCCReference Include="coinCode\transactions.pas"/>
        <DCCReference Include="additionalUnits\KECCAK\btypes.pas"/>
        <DCCReference Include="additionalUnits\KECCAK\keccak_n.pas"/>
        <DCCReference Include="coinCode\Ethereum.pas"/>
        <DCCReference Include="coinCode\coinData.pas"/>
        <DCCReference Include="coinCode\tokenData.pas"/>
        <DCCReference Include="additionalUnits\bech32.pas"/>
        <DCCReference Include="DW.ThreadedTimer.pas"/>
        <DCCReference Include="coinCode\cryptoCurrencyData.pas"/>
        <DCCReference Include="additionalUnits\SyncThr.pas"/>
        <DCCReference Include="Languages\languages.pas"/>
        <DCCReference Include="additionalUnits\CurrencyConverter.pas"/>
        <DCCReference Include="additionalUnits\WIF.pas"/>
        <DCCReference Include="additionalUnits\AccountData.pas"/>
        <DCCReference Include="WalletStructureData.pas"/>
        <DCCReference Include="additionalUnits\WalletViewRelated.pas"/>
        <DCCReference Include="additionalUnits\BackupRelated.pas"/>
        <DCCReference Include="additionalUnits\AccountRelated.pas"/>
        <DCCReference Include="additionalUnits\QRRelated.pas"/>
        <DCCReference Include="additionalUnits\FileManagerRelated.pas"/>
        <DCCReference Include="components\TCopyableEditData.pas"/>
        <DCCReference Include="components\TCopyableLabelData.pas"/>
        <DCCReference Include="components\TRotateImageData.pas"/>
        <DCCReference Include="components\TImageTextButtonData.pas"/>
        <DCCReference Include="additionalUnits\bi\CompilerAndRTLVersions.pas"/>
        <DCCReference Include="additionalUnits\bi\Velthuis.BigDecimals.pas"/>
        <DCCReference Include="additionalUnits\bi\Velthuis.BigIntegers.pas"/>
        <DCCReference Include="additionalUnits\bi\Velthuis.BigIntegers.Primes.pas"/>
        <DCCReference Include="additionalUnits\bi\Velthuis.BigRationals.pas"/>
        <DCCReference Include="additionalUnits\bi\Velthuis.ExactFloatStrings.pas"/>
        <DCCReference Include="additionalUnits\bi\Velthuis.FloatUtils.pas"/>
        <DCCReference Include="additionalUnits\bi\Velthuis.Loggers.pas"/>
        <DCCReference Include="additionalUnits\bi\Velthuis.Numerics.pas"/>
        <DCCReference Include="additionalUnits\bi\Velthuis.RandomNumbers.pas"/>
        <DCCReference Include="additionalUnits\bi\Velthuis.Sizes.pas"/>
        <DCCReference Include="additionalUnits\bi\Velthuis.StrConsts.pas"/>
        <DCCReference Include="additionalUnits\bi\Velthuis.XorShifts.pas"/>
        <DCCReference Include="additionalUnits\debugAnalysis.pas"/>
        <DCCReference Include="additionalUnits\KeypoolRelated.pas"/>
        <DCCReference Include="additionalUnits\AssetsMenagerData.pas"/>
        <DCCReference Include="additionalUnits\PopupWindowData.pas"/>
        <DCCReference Include="CrossPlatformHeaders.pas"/>
        <DCCReference Include="components\NotificationLayoutData.pas"/>
        <DCCReference Include="coinCode\ED25519_Blake2b.pas"/>
        <DCCReference Include="coinCode\Nano.pas"/>
        <DCCReference Include="components\TAddressLabelData.pas"/>
        <DCCReference Include="components\TCopyableAddressLabelData.pas"/>
        <DCCReference Include="components\TCopyableAddressPanelData.pas"/>
        <DCCReference Include="additionalUnits\ThreadKindergartenData.pas"/>
        <DCCReference Include="components\TAddNewCryptoPanelData.pas"/>
        <DCCReference Include="components\TNewCryptoVertScrollBoxData.pas"/>
        <DCCReference Include="additionalUnits\additionalClass\ComponentPoolData.pas"/>
        <DCCReference Include="components\HistoryPanelData.pas"/>
        <DCCReference Include="components\CoinPanelData.pas"/>
        <DCCReference Include="coinCode\Spendable.pas"/>
        <DCCReference Include="API\JSONRPCApi.pas"/>
        <BuildConfiguration Include="Release">
            <Key>Cfg_2</Key>
            <CfgParent>Base</CfgParent>
        </BuildConfiguration>
        <BuildConfiguration Include="Base">
            <Key>Base</Key>
        </BuildConfiguration>
        <BuildConfiguration Include="Debug">
            <Key>Cfg_1</Key>
            <CfgParent>Base</CfgParent>
        </BuildConfiguration>
    </ItemGroup>
    <ProjectExtensions>
        <Borland.Personality>Delphi.Personality.12</Borland.Personality>
        <Borland.ProjectType>Application</Borland.ProjectType>
        <BorlandProject>
            <Delphi.Personality>
                <Source>
                    <Source Name="MainSource">hodler_rpc.dpr</Source>
                </Source>
                <Excluded_Packages>
                    <Excluded_Packages Name="$(BDSBIN)\DataExplorerDBXPluginEnt260.bpl">DBExpress Enterprise Data Explorer Integration</Excluded_Packages>
                    <Excluded_Packages Name="$(BDSBIN)\dcloffice2k260.bpl">Microsoft Office 2000 Sample Automation Server Wrapper Components</Excluded_Packages>
                    <Excluded_Packages Name="$(BDSBIN)\dclofficexp260.bpl">Microsoft Office XP Sample Automation Server Wrapper Components</Excluded_Packages>
                </Excluded_Packages>
            </Delphi.Personality>
            <Deployment Version="3">
                <DeployFile LocalName="$(BDS)\Redist\osx32\libcgunwind.1.0.dylib" Class="DependencyModule">
                    <Platform Name="OSX32">
                        <Overwrite>true</Overwrite>
                    </Platform>
                </DeployFile>
                <DeployFile LocalName="Linux64\Release\hodler_rpc" Configuration="Release" Class="ProjectOutput">
                    <Platform Name="Linux64">
                        <RemoteName>hodler_rpc</RemoteName>
                        <Overwrite>true</Overwrite>
                    </Platform>
                </DeployFile>
                <DeployFile LocalName="$(BDS)\Redist\osx64\libcgsqlite3.dylib" Class="DependencyModule">
                    <Platform Name="OSX64">
                        <Overwrite>true</Overwrite>
                    </Platform>
                </DeployFile>
                <DeployFile LocalName="$(BDS)\Redist\iossimulator\libcgunwind.1.0.dylib" Class="DependencyModule">
                    <Platform Name="iOSSimulator">
                        <Overwrite>true</Overwrite>
                    </Platform>
                </DeployFile>
                <DeployFile LocalName="$(BDS)\Redist\iossimulator\libpcre.dylib" Class="DependencyModule">
                    <Platform Name="iOSSimulator">
                        <Overwrite>true</Overwrite>
                    </Platform>
                </DeployFile>
                <DeployFile LocalName="$(BDS)\Redist\osx32\libcgsqlite3.dylib" Class="DependencyModule">
                    <Platform Name="OSX32">
                        <Overwrite>true</Overwrite>
                    </Platform>
                </DeployFile>
                <DeployFile LocalName="Linux64\Debug\hodler_rpc" Configuration="Debug" Class="ProjectOutput">
                    <Platform Name="Linux64">
                        <RemoteName>hodler_rpc</RemoteName>
                        <Overwrite>true</Overwrite>
                    </Platform>
                </DeployFile>
                <DeployClass Name="AdditionalDebugSymbols">
                    <Platform Name="iOSSimulator">
                        <Operation>1</Operation>
                    </Platform>
                    <Platform Name="OSX32">
                        <RemoteDir>Contents\MacOS</RemoteDir>
                        <Operation>1</Operation>
                    </Platform>
                    <Platform Name="Win32">
                        <Operation>0</Operation>
                    </Platform>
                </DeployClass>
                <DeployClass Name="AndroidClassesDexFile">
                    <Platform Name="Android">
                        <RemoteDir>classes</RemoteDir>
                        <Operation>1</Operation>
                    </Platform>
                </DeployClass>
                <DeployClass Name="AndroidFileProvider">
                    <Platform Name="Android">
                        <RemoteDir>res\xml</RemoteDir>
                        <Operation>1</Operation>
                    </Platform>
                </DeployClass>
                <DeployClass Name="AndroidGDBServer">
                    <Platform Name="Android">
                        <RemoteDir>library\lib\armeabi-v7a</RemoteDir>
                        <Operation>1</Operation>
                    </Platform>
                </DeployClass>
                <DeployClass Name="AndroidLibnativeArmeabiFile">
                    <Platform Name="Android">
                        <RemoteDir>library\lib\armeabi</RemoteDir>
                        <Operation>1</Operation>
                    </Platform>
                </DeployClass>
                <DeployClass Name="AndroidLibnativeMipsFile">
                    <Platform Name="Android">
                        <RemoteDir>library\lib\mips</RemoteDir>
                        <Operation>1</Operation>
                    </Platform>
                </DeployClass>
                <DeployClass Name="AndroidServiceOutput">
                    <Platform Name="Android">
                        <RemoteDir>library\lib\armeabi-v7a</RemoteDir>
                        <Operation>1</Operation>
                    </Platform>
                </DeployClass>
                <DeployClass Name="AndroidSplashImageDef">
                    <Platform Name="Android">
                        <RemoteDir>res\drawable</RemoteDir>
                        <Operation>1</Operation>
                    </Platform>
                </DeployClass>
                <DeployClass Name="AndroidSplashStyles">
                    <Platform Name="Android">
                        <RemoteDir>res\values</RemoteDir>
                        <Operation>1</Operation>
                    </Platform>
                </DeployClass>
                <DeployClass Name="AndroidSplashStylesV21">
                    <Platform Name="Android">
                        <RemoteDir>res\values-v21</RemoteDir>
                        <Operation>1</Operation>
                    </Platform>
                </DeployClass>
                <DeployClass Name="Android_DefaultAppIcon">
                    <Platform Name="Android">
                        <RemoteDir>res\drawable</RemoteDir>
                        <Operation>1</Operation>
                    </Platform>
                </DeployClass>
                <DeployClass Name="Android_LauncherIcon144">
                    <Platform Name="Android">
                        <RemoteDir>res\drawable-xxhdpi</RemoteDir>
                        <Operation>1</Operation>
                    </Platform>
                </DeployClass>
                <DeployClass Name="Android_LauncherIcon36">
                    <Platform Name="Android">
                        <RemoteDir>res\drawable-ldpi</RemoteDir>
                        <Operation>1</Operation>
                    </Platform>
                </DeployClass>
                <DeployClass Name="Android_LauncherIcon48">
                    <Platform Name="Android">
                        <RemoteDir>res\drawable-mdpi</RemoteDir>
                        <Operation>1</Operation>
                    </Platform>
                </DeployClass>
                <DeployClass Name="Android_LauncherIcon72">
                    <Platform Name="Android">
                        <RemoteDir>res\drawable-hdpi</RemoteDir>
                        <Operation>1</Operation>
                    </Platform>
                </DeployClass>
                <DeployClass Name="Android_LauncherIcon96">
                    <Platform Name="Android">
                        <RemoteDir>res\drawable-xhdpi</RemoteDir>
                        <Operation>1</Operation>
                    </Platform>
                </DeployClass>
                <DeployClass Name="Android_SplashImage426">
                    <Platform Name="Android">
                        <RemoteDir>res\drawable-small</RemoteDir>
                        <Operation>1</Operation>
                    </Platform>
                </DeployClass>
                <DeployClass Name="Android_SplashImage470">
                    <Platform Name="Android">
                        <RemoteDir>res\drawable-normal</RemoteDir>
                        <Operation>1</Operation>
                    </Platform>
                </DeployClass>
                <DeployClass Name="Android_SplashImage640">
                    <Platform Name="Android">
                        <RemoteDir>res\drawable-large</RemoteDir>
                        <Operation>1</Operation>
                    </Platform>
                </DeployClass>
                <DeployClass Name="Android_SplashImage960">
                    <Platform Name="Android">
                        <RemoteDir>res\drawable-xlarge</RemoteDir>
                        <Operation>1</Operation>
                    </Platform>
                </DeployClass>
                <DeployClass Name="DebugSymbols">
                    <Platform Name="iOSSimulator">
                        <Operation>1</Operation>
                    </Platform>
                    <Platform Name="OSX32">
                        <RemoteDir>Contents\MacOS</RemoteDir>
                        <Operation>1</Operation>
                    </Platform>
                    <Platform Name="Win32">
                        <Operation>0</Operation>
                    </Platform>
                </DeployClass>
                <DeployClass Name="DependencyFramework">
                    <Platform Name="OSX32">
                        <RemoteDir>Contents\MacOS</RemoteDir>
                        <Operation>1</Operation>
                        <Extensions>.framework</Extensions>
                    </Platform>
                    <Platform Name="OSX64">
                        <RemoteDir>Contents\MacOS</RemoteDir>
                        <Operation>1</Operation>
                        <Extensions>.framework</Extensions>
                    </Platform>
                    <Platform Name="Win32">
                        <Operation>0</Operation>
                    </Platform>
                </DeployClass>
                <DeployClass Name="DependencyModule">
                    <Platform Name="iOSDevice32">
                        <Operation>1</Operation>
                        <Extensions>.dylib</Extensions>
                    </Platform>
                    <Platform Name="iOSDevice64">
                        <Operation>1</Operation>
                        <Extensions>.dylib</Extensions>
                    </Platform>
                    <Platform Name="iOSSimulator">
                        <Operation>1</Operation>
                        <Extensions>.dylib</Extensions>
                    </Platform>
                    <Platform Name="OSX32">
                        <RemoteDir>Contents\MacOS</RemoteDir>
                        <Operation>1</Operation>
                        <Extensions>.dylib</Extensions>
                    </Platform>
                    <Platform Name="OSX64">
                        <RemoteDir>Contents\MacOS</RemoteDir>
                        <Operation>1</Operation>
                        <Extensions>.dylib</Extensions>
                    </Platform>
                    <Platform Name="Win32">
                        <Operation>0</Operation>
                        <Extensions>.dll;.bpl</Extensions>
                    </Platform>
                </DeployClass>
                <DeployClass Required="true" Name="DependencyPackage">
                    <Platform Name="iOSDevice32">
                        <Operation>1</Operation>
                        <Extensions>.dylib</Extensions>
                    </Platform>
                    <Platform Name="iOSDevice64">
                        <Operation>1</Operation>
                        <Extensions>.dylib</Extensions>
                    </Platform>
                    <Platform Name="iOSSimulator">
                        <Operation>1</Operation>
                        <Extensions>.dylib</Extensions>
                    </Platform>
                    <Platform Name="OSX32">
                        <RemoteDir>Contents\MacOS</RemoteDir>
                        <Operation>1</Operation>
                        <Extensions>.dylib</Extensions>
                    </Platform>
                    <Platform Name="OSX64">
                        <RemoteDir>Contents\MacOS</RemoteDir>
                        <Operation>1</Operation>
                        <Extensions>.dylib</Extensions>
                    </Platform>
                    <Platform Name="Win32">
                        <Operation>0</Operation>
                        <Extensions>.bpl</Extensions>
                    </Platform>
                </DeployClass>
                <DeployClass Name="File">
                    <Platform Name="Android">
                        <Operation>0</Operation>
                    </Platform>
                    <Platform Name="iOSDevice32">
                        <Operation>0</Operation>
                    </Platform>
                    <Platform Name="iOSDevice64">
                        <Operation>0</Operation>
                    </Platform>
                    <Platform Name="iOSSimulator">
                        <Operation>0</Operation>
                    </Platform>
                    <Platform Name="OSX32">
                        <RemoteDir>Contents\Resources\StartUp\</RemoteDir>
                        <Operation>0</Operation>
                    </Platform>
                    <Platform Name="OSX64">
                        <RemoteDir>Contents\Resources\StartUp\</RemoteDir>
                        <Operation>0</Operation>
                    </Platform>
                    <Platform Name="Win32">
                        <Operation>0</Operation>
                    </Platform>
                </DeployClass>
                <DeployClass Name="iPad_Launch1024">
                    <Platform Name="iOSDevice32">
                        <Operation>1</Operation>
                    </Platform>
                    <Platform Name="iOSDevice64">
                        <Operation>1</Operation>
                    </Platform>
                    <Platform Name="iOSSimulator">
                        <Operation>1</Operation>
                    </Platform>
                </DeployClass>
                <DeployClass Name="iPad_Launch1536">
                    <Platform Name="iOSDevice32">
                        <Operation>1</Operation>
                    </Platform>
                    <Platform Name="iOSDevice64">
                        <Operation>1</Operation>
                    </Platform>
                    <Platform Name="iOSSimulator">
                        <Operation>1</Operation>
                    </Platform>
                </DeployClass>
                <DeployClass Name="iPad_Launch2048">
                    <Platform Name="iOSDevice32">
                        <Operation>1</Operation>
                    </Platform>
                    <Platform Name="iOSDevice64">
                        <Operation>1</Operation>
                    </Platform>
                    <Platform Name="iOSSimulator">
                        <Operation>1</Operation>
                    </Platform>
                </DeployClass>
                <DeployClass Name="iPad_Launch768">
                    <Platform Name="iOSDevice32">
                        <Operation>1</Operation>
                    </Platform>
                    <Platform Name="iOSDevice64">
                        <Operation>1</Operation>
                    </Platform>
                    <Platform Name="iOSSimulator">
                        <Operation>1</Operation>
                    </Platform>
                </DeployClass>
                <DeployClass Name="iPhone_Launch320">
                    <Platform Name="iOSDevice32">
                        <Operation>1</Operation>
                    </Platform>
                    <Platform Name="iOSDevice64">
                        <Operation>1</Operation>
                    </Platform>
                    <Platform Name="iOSSimulator">
                        <Operation>1</Operation>
                    </Platform>
                </DeployClass>
                <DeployClass Name="iPhone_Launch640">
                    <Platform Name="iOSDevice32">
                        <Operation>1</Operation>
                    </Platform>
                    <Platform Name="iOSDevice64">
                        <Operation>1</Operation>
                    </Platform>
                    <Platform Name="iOSSimulator">
                        <Operation>1</Operation>
                    </Platform>
                </DeployClass>
                <DeployClass Name="iPhone_Launch640x1136">
                    <Platform Name="iOSDevice32">
                        <Operation>1</Operation>
                    </Platform>
                    <Platform Name="iOSDevice64">
                        <Operation>1</Operation>
                    </Platform>
                    <Platform Name="iOSSimulator">
                        <Operation>1</Operation>
                    </Platform>
                </DeployClass>
                <DeployClass Name="ProjectAndroidManifest">
                    <Platform Name="Android">
                        <Operation>1</Operation>
                    </Platform>
                </DeployClass>
                <DeployClass Name="ProjectiOSDeviceDebug">
                    <Platform Name="iOSDevice32">
                        <RemoteDir>..\$(PROJECTNAME).app.dSYM\Contents\Resources\DWARF</RemoteDir>
                        <Operation>1</Operation>
                    </Platform>
                    <Platform Name="iOSDevice64">
                        <RemoteDir>..\$(PROJECTNAME).app.dSYM\Contents\Resources\DWARF</RemoteDir>
                        <Operation>1</Operation>
                    </Platform>
                </DeployClass>
                <DeployClass Name="ProjectiOSDeviceResourceRules">
                    <Platform Name="iOSDevice32">
                        <Operation>1</Operation>
                    </Platform>
                    <Platform Name="iOSDevice64">
                        <Operation>1</Operation>
                    </Platform>
                </DeployClass>
                <DeployClass Name="ProjectiOSEntitlements">
                    <Platform Name="iOSDevice32">
                        <RemoteDir>..\</RemoteDir>
                        <Operation>1</Operation>
                    </Platform>
                    <Platform Name="iOSDevice64">
                        <RemoteDir>..\</RemoteDir>
                        <Operation>1</Operation>
                    </Platform>
                </DeployClass>
                <DeployClass Name="ProjectiOSInfoPList">
                    <Platform Name="iOSDevice32">
                        <Operation>1</Operation>
                    </Platform>
                    <Platform Name="iOSDevice64">
                        <Operation>1</Operation>
                    </Platform>
                    <Platform Name="iOSSimulator">
                        <Operation>1</Operation>
                    </Platform>
                </DeployClass>
                <DeployClass Name="ProjectiOSResource">
                    <Platform Name="iOSDevice32">
                        <Operation>1</Operation>
                    </Platform>
                    <Platform Name="iOSDevice64">
                        <Operation>1</Operation>
                    </Platform>
                    <Platform Name="iOSSimulator">
                        <Operation>1</Operation>
                    </Platform>
                </DeployClass>
                <DeployClass Name="ProjectOSXDebug">
                    <Platform Name="OSX64">
                        <RemoteDir>..\$(PROJECTNAME).app.dSYM\Contents\Resources\DWARF</RemoteDir>
                        <Operation>1</Operation>
                    </Platform>
                </DeployClass>
                <DeployClass Name="ProjectOSXEntitlements">
                    <Platform Name="OSX32">
                        <RemoteDir>..\</RemoteDir>
                        <Operation>1</Operation>
                    </Platform>
                    <Platform Name="OSX64">
                        <RemoteDir>..\</RemoteDir>
                        <Operation>1</Operation>
                    </Platform>
                </DeployClass>
                <DeployClass Name="ProjectOSXInfoPList">
                    <Platform Name="OSX32">
                        <RemoteDir>Contents</RemoteDir>
                        <Operation>1</Operation>
                    </Platform>
                    <Platform Name="OSX64">
                        <RemoteDir>Contents</RemoteDir>
                        <Operation>1</Operation>
                    </Platform>
                </DeployClass>
                <DeployClass Name="ProjectOSXResource">
                    <Platform Name="OSX32">
                        <RemoteDir>Contents\Resources</RemoteDir>
                        <Operation>1</Operation>
                    </Platform>
                    <Platform Name="OSX64">
                        <RemoteDir>Contents\Resources</RemoteDir>
                        <Operation>1</Operation>
                    </Platform>
                </DeployClass>
                <DeployClass Required="true" Name="ProjectOutput">
                    <Platform Name="Android">
                        <RemoteDir>library\lib\armeabi-v7a</RemoteDir>
                        <Operation>1</Operation>
                    </Platform>
                    <Platform Name="iOSDevice32">
                        <Operation>1</Operation>
                    </Platform>
                    <Platform Name="iOSDevice64">
                        <Operation>1</Operation>
                    </Platform>
                    <Platform Name="iOSSimulator">
                        <Operation>1</Operation>
                    </Platform>
                    <Platform Name="Linux64">
                        <Operation>1</Operation>
                    </Platform>
                    <Platform Name="OSX32">
                        <RemoteDir>Contents\MacOS</RemoteDir>
                        <Operation>1</Operation>
                    </Platform>
                    <Platform Name="OSX64">
                        <RemoteDir>Contents\MacOS</RemoteDir>
                        <Operation>1</Operation>
                    </Platform>
                    <Platform Name="Win32">
                        <Operation>0</Operation>
                    </Platform>
                </DeployClass>
                <DeployClass Name="ProjectUWPManifest">
                    <Platform Name="Win32">
                        <Operation>1</Operation>
                    </Platform>
                    <Platform Name="Win64">
                        <Operation>1</Operation>
                    </Platform>
                </DeployClass>
                <DeployClass Name="UWP_DelphiLogo150">
                    <Platform Name="Win32">
                        <RemoteDir>Assets</RemoteDir>
                        <Operation>1</Operation>
                    </Platform>
                    <Platform Name="Win64">
                        <RemoteDir>Assets</RemoteDir>
                        <Operation>1</Operation>
                    </Platform>
                </DeployClass>
                <DeployClass Name="UWP_DelphiLogo44">
                    <Platform Name="Win32">
                        <RemoteDir>Assets</RemoteDir>
                        <Operation>1</Operation>
                    </Platform>
                    <Platform Name="Win64">
                        <RemoteDir>Assets</RemoteDir>
                        <Operation>1</Operation>
                    </Platform>
                </DeployClass>
                <ProjectRoot Platform="iOSDevice64" Name="$(PROJECTNAME).app"/>
                <ProjectRoot Platform="Win64" Name="$(PROJECTNAME)"/>
                <ProjectRoot Platform="iOSDevice32" Name="$(PROJECTNAME).app"/>
                <ProjectRoot Platform="Linux64" Name="$(PROJECTNAME)"/>
                <ProjectRoot Platform="Win32" Name="$(PROJECTNAME)"/>
                <ProjectRoot Platform="OSX32" Name="$(PROJECTNAME).app"/>
                <ProjectRoot Platform="Android" Name="$(PROJECTNAME)"/>
                <ProjectRoot Platform="OSX64" Name="$(PROJECTNAME).app"/>
                <ProjectRoot Platform="iOSSimulator" Name="$(PROJECTNAME).app"/>
            </Deployment>
            <Platforms>
                <Platform value="Android">False</Platform>
                <Platform value="iOSDevice32">False</Platform>
                <Platform value="iOSDevice64">False</Platform>
                <Platform value="iOSSimulator">False</Platform>
                <Platform value="Linux64">True</Platform>
                <Platform value="OSX32">False</Platform>
                <Platform value="Win32">True</Platform>
                <Platform value="Win64">False</Platform>
            </Platforms>
        </BorlandProject>
        <ProjectFileVersion>12</ProjectFileVersion>
    </ProjectExtensions>
    <Import Project="$(BDS)\Bin\CodeGear.Delphi.Targets" Condition="Exists('$(BDS)\Bin\CodeGear.Delphi.Targets')"/>
    <Import Project="$(APPDATA)\Embarcadero\$(BDSAPPDATABASEDIR)\$(PRODUCTVERSION)\UserTools.proj" Condition="Exists('$(APPDATA)\Embarcadero\$(BDSAPPDATABASEDIR)\$(PRODUCTVERSION)\UserTools.proj')"/>
    <Import Project="$(MSBuildProjectName).deployproj" Condition="Exists('$(MSBuildProjectName).deployproj')"/>
</Project>
